// !$*UTF8*$!
{
	archiveVersion = 1;
	classes = {
	};
	objectVersion = 46;
	objects = {

/* Begin PBXBuildFile section */
		00E356F31AD99517003FC87E /* eurekaTests.m in Sources */ = {isa = PBXBuildFile; fileRef = 00E356F21AD99517003FC87E /* eurekaTests.m */; };
		138240689FC845A8ABDBE40F /* NotoSansJP-SemiBold.ttf in Resources */ = {isa = PBXBuildFile; fileRef = F4916D0A2CDE48FE9EF9124A /* NotoSansJP-SemiBold.ttf */; };
		13B07FBC1A68108700A75B9A /* AppDelegate.m in Sources */ = {isa = PBXBuildFile; fileRef = 13B07FB01A68108700A75B9A /* AppDelegate.m */; };
		13B07FBF1A68108700A75B9A /* Images.xcassets in Resources */ = {isa = PBXBuildFile; fileRef = 13B07FB51A68108700A75B9A /* Images.xcassets */; };
		13B07FC11A68108700A75B9A /* main.m in Sources */ = {isa = PBXBuildFile; fileRef = 13B07FB71A68108700A75B9A /* main.m */; };
		2D4F780C5861427D88A92549 /* NotoSansJP-Medium.ttf in Resources */ = {isa = PBXBuildFile; fileRef = 1DC170E751CB47BC97AFC52E /* NotoSansJP-Medium.ttf */; };
		443CD7762704BA0B00FEA36F /* nativeLib.framework in Frameworks */ = {isa = PBXBuildFile; fileRef = 443CD7752704BA0B00FEA36F /* nativeLib.framework */; };
		443CD7772704BA0B00FEA36F /* nativeLib.framework in Embed Frameworks */ = {isa = PBXBuildFile; fileRef = 443CD7752704BA0B00FEA36F /* nativeLib.framework */; settings = {ATTRIBUTES = (CodeSignOnCopy, RemoveHeadersOnCopy, ); }; };
		444B3CD227467115009BCB15 /* GoogleService-Info.plist in Resources */ = {isa = PBXBuildFile; fileRef = 444B3CD127467114009BCB15 /* GoogleService-Info.plist */; };
		44EDFE212770B57B00DE4C2D /* AppMetrics.swift in Sources */ = {isa = PBXBuildFile; fileRef = 44EDFE202770B57B00DE4C2D /* AppMetrics.swift */; };
		44EDFE232770CD3E00DE4C2D /* AppBackground.swift in Sources */ = {isa = PBXBuildFile; fileRef = 44EDFE222770CD3D00DE4C2D /* AppBackground.swift */; };
		4B1ACAB925D23DC400D12750 /* PeripheralModel.swift in Sources */ = {isa = PBXBuildFile; fileRef = 4B1ACAB825D23DC400D12750 /* PeripheralModel.swift */; };
		4B5471DA267867CD0003CC76 /* TelephonyMgrEnum.swift in Sources */ = {isa = PBXBuildFile; fileRef = 4B5471D9267867CD0003CC76 /* TelephonyMgrEnum.swift */; };
		4B972E9F2667A0040037A955 /* WeatherManager.swift in Sources */ = {isa = PBXBuildFile; fileRef = 4B972E9E2667A0040037A955 /* WeatherManager.swift */; };
		4B972EEE2667A9180037A955 /* CalendarService.swift in Sources */ = {isa = PBXBuildFile; fileRef = 4B972ECD2667A9180037A955 /* CalendarService.swift */; };
		4B9D6A4925CD99EA00EC3AE8 /* NoParamEventEnum.swift in Sources */ = {isa = PBXBuildFile; fileRef = 4B9D6A4125CD99EA00EC3AE8 /* NoParamEventEnum.swift */; };
		4BB6147725CE8CE900E0B97A /* LifePlusReactModule.m in Sources */ = {isa = PBXBuildFile; fileRef = C74B780A2525F883006ADCC2 /* LifePlusReactModule.m */; };
		4BF6D79C25CD4E3300DC9A5E /* LifePlusReactModule.swift in Sources */ = {isa = PBXBuildFile; fileRef = 4BF6D79B25CD4E3300DC9A5E /* LifePlusReactModule.swift */; };
		4C39C56BAD484C67AA576FFA /* libPods-eureka.a in Frameworks */ = {isa = PBXBuildFile; fileRef = CA3E69C5B9553B26FBA2DF04 /* libPods-eureka.a */; };
		69AF7E46C79455F135C08478 /* libPods-eureka-eurekaTests.a in Frameworks */ = {isa = PBXBuildFile; fileRef = 7533C965B72700ED5E109803 /* libPods-eureka-eurekaTests.a */; };
		795503802B67A557001550D0 /* NotificationUtil.swift in Sources */ = {isa = PBXBuildFile; fileRef = 7955037F2B67A557001550D0 /* NotificationUtil.swift */; };
		80B58BF328DE4EAD883CE2AD /* NotoSansJP-Light.ttf in Resources */ = {isa = PBXBuildFile; fileRef = B75E606182544B6391E920A6 /* NotoSansJP-Light.ttf */; };
		81AB9BB82411601600AC10FF /* LaunchScreen.storyboard in Resources */ = {isa = PBXBuildFile; fileRef = 81AB9BB72411601600AC10FF /* LaunchScreen.storyboard */; };
		8B761C3BD82E44C18668E3A4 /* NotoSansJP-Regular.ttf in Resources */ = {isa = PBXBuildFile; fileRef = 5A414AE3262A4B6BAF65E35C /* NotoSansJP-Regular.ttf */; };
		C74B77D92525F804006ADCC2 /* DbQry.swift in Sources */ = {isa = PBXBuildFile; fileRef = C74B77CE2525F803006ADCC2 /* DbQry.swift */; };
		C74B77DA2525F804006ADCC2 /* AService.swift in Sources */ = {isa = PBXBuildFile; fileRef = C74B77CF2525F803006ADCC2 /* AService.swift */; };
		C74B77DB2525F804006ADCC2 /* Paramenters.swift in Sources */ = {isa = PBXBuildFile; fileRef = C74B77D02525F803006ADCC2 /* Paramenters.swift */; };
		C74B77DC2525F804006ADCC2 /* Services.swift in Sources */ = {isa = PBXBuildFile; fileRef = C74B77D12525F803006ADCC2 /* Services.swift */; };
		C74B77DD2525F804006ADCC2 /* ACharacteristic.swift in Sources */ = {isa = PBXBuildFile; fileRef = C74B77D22525F803006ADCC2 /* ACharacteristic.swift */; };
		C74B77DE2525F804006ADCC2 /* ServicesDef.swift in Sources */ = {isa = PBXBuildFile; fileRef = C74B77D32525F803006ADCC2 /* ServicesDef.swift */; };
		C74B77DF2525F804006ADCC2 /* DatabaseTunnel.swift in Sources */ = {isa = PBXBuildFile; fileRef = C74B77D42525F803006ADCC2 /* DatabaseTunnel.swift */; };
		C74B77E02525F804006ADCC2 /* DataType.swift in Sources */ = {isa = PBXBuildFile; fileRef = C74B77D52525F803006ADCC2 /* DataType.swift */; };
		C74B77E22525F804006ADCC2 /* Methods.swift in Sources */ = {isa = PBXBuildFile; fileRef = C74B77D72525F804006ADCC2 /* Methods.swift */; };
		C74B77E32525F804006ADCC2 /* CharatericsDef.swift in Sources */ = {isa = PBXBuildFile; fileRef = C74B77D82525F804006ADCC2 /* CharatericsDef.swift */; };
		C74B78162525FDCA006ADCC2 /* SimulatorUtil.swift in Sources */ = {isa = PBXBuildFile; fileRef = C74B78132525FDCA006ADCC2 /* SimulatorUtil.swift */; };
		C776F0D8248E70CB00D30932 /* Rajdhani-Medium.ttf in Resources */ = {isa = PBXBuildFile; fileRef = C776F0D3248E70CB00D30932 /* Rajdhani-Medium.ttf */; };
		C776F0D9248E70CB00D30932 /* Rajdhani-Light.ttf in Resources */ = {isa = PBXBuildFile; fileRef = C776F0D4248E70CB00D30932 /* Rajdhani-Light.ttf */; };
		C776F0DA248E70CB00D30932 /* Rajdhani-Regular.ttf in Resources */ = {isa = PBXBuildFile; fileRef = C776F0D5248E70CB00D30932 /* Rajdhani-Regular.ttf */; };
		C776F0DB248E70CB00D30932 /* Rajdhani-SemiBold.ttf in Resources */ = {isa = PBXBuildFile; fileRef = C776F0D6248E70CB00D30932 /* Rajdhani-SemiBold.ttf */; };
		C776F0DC248E70CB00D30932 /* Rajdhani-Bold.ttf in Resources */ = {isa = PBXBuildFile; fileRef = C776F0D7248E70CB00D30932 /* Rajdhani-Bold.ttf */; };
		C7D4409725DA781500B96028 /* RequestStatus.swift in Sources */ = {isa = PBXBuildFile; fileRef = C7D4409525DA781500B96028 /* RequestStatus.swift */; };
		E172717B378B44F08390E836 /* NotoSansJP-Bold.ttf in Resources */ = {isa = PBXBuildFile; fileRef = 13FF089746B540B4A158A18B /* NotoSansJP-Bold.ttf */; };
		E49177AD2BD288ED00C41460 /* skinToneDetection.framework in Frameworks */ = {isa = PBXBuildFile; fileRef = E49177AC2BD288ED00C41460 /* skinToneDetection.framework */; };
		E49177AE2BD288ED00C41460 /* skinToneDetection.framework in Embed Frameworks */ = {isa = PBXBuildFile; fileRef = E49177AC2BD288ED00C41460 /* skinToneDetection.framework */; settings = {ATTRIBUTES = (CodeSignOnCopy, RemoveHeadersOnCopy, ); }; };
/* End PBXBuildFile section */

/* Begin PBXContainerItemProxy section */
		00E356F41AD99517003FC87E /* PBXContainerItemProxy */ = {
			isa = PBXContainerItemProxy;
			containerPortal = 83CBB9F71A601CBA00E9B192 /* Project object */;
			proxyType = 1;
			remoteGlobalIDString = 13B07F861A680F5B00A75B9A;
			remoteInfo = eureka;
		};
/* End PBXContainerItemProxy section */

/* Begin PBXCopyFilesBuildPhase section */
		443CD7782704BA0C00FEA36F /* Embed Frameworks */ = {
			isa = PBXCopyFilesBuildPhase;
			buildActionMask = 2147483647;
			dstPath = "";
			dstSubfolderSpec = 10;
			files = (
				443CD7772704BA0B00FEA36F /* nativeLib.framework in Embed Frameworks */,
				E49177AE2BD288ED00C41460 /* skinToneDetection.framework in Embed Frameworks */,
			);
			name = "Embed Frameworks";
			runOnlyForDeploymentPostprocessing = 0;
		};
/* End PBXCopyFilesBuildPhase section */

/* Begin PBXFileReference section */
		008F07F21AC5B25A0029DE68 /* main.jsbundle */ = {isa = PBXFileReference; fileEncoding = 4; lastKnownFileType = text; path = main.jsbundle; sourceTree = "<group>"; };
		00E356EE1AD99517003FC87E /* eurekaTests.xctest */ = {isa = PBXFileReference; explicitFileType = wrapper.cfbundle; includeInIndex = 0; path = eurekaTests.xctest; sourceTree = BUILT_PRODUCTS_DIR; };
		00E356F11AD99517003FC87E /* Info.plist */ = {isa = PBXFileReference; lastKnownFileType = text.plist.xml; path = Info.plist; sourceTree = "<group>"; };
		00E356F21AD99517003FC87E /* eurekaTests.m */ = {isa = PBXFileReference; lastKnownFileType = sourcecode.c.objc; path = eurekaTests.m; sourceTree = "<group>"; };
		015BEE392CAD40D59EED25E9 /* Entypo.ttf */ = {isa = PBXFileReference; explicitFileType = undefined; fileEncoding = 9; includeInIndex = 0; lastKnownFileType = unknown; name = Entypo.ttf; path = "../node_modules/react-native-vector-icons/Fonts/Entypo.ttf"; sourceTree = "<group>"; };
		05B851C01E4E4B168C016888 /* Octicons.ttf */ = {isa = PBXFileReference; explicitFileType = undefined; fileEncoding = 9; includeInIndex = 0; lastKnownFileType = unknown; name = Octicons.ttf; path = "../node_modules/react-native-vector-icons/Fonts/Octicons.ttf"; sourceTree = "<group>"; };
		09F022958F8F478EA13F8D4A /* Ionicons.ttf */ = {isa = PBXFileReference; explicitFileType = undefined; fileEncoding = 9; includeInIndex = 0; lastKnownFileType = unknown; name = Ionicons.ttf; path = "../node_modules/react-native-vector-icons/Fonts/Ionicons.ttf"; sourceTree = "<group>"; };
		13B07F961A680F5B00A75B9A /* GlucoNow.app */ = {isa = PBXFileReference; explicitFileType = wrapper.application; includeInIndex = 0; path = GlucoNow.app; sourceTree = BUILT_PRODUCTS_DIR; };
		13B07FAF1A68108700A75B9A /* AppDelegate.h */ = {isa = PBXFileReference; fileEncoding = 4; lastKnownFileType = sourcecode.c.h; name = AppDelegate.h; path = eureka/AppDelegate.h; sourceTree = "<group>"; };
		13B07FB01A68108700A75B9A /* AppDelegate.m */ = {isa = PBXFileReference; fileEncoding = 4; lastKnownFileType = sourcecode.c.objc; name = AppDelegate.m; path = eureka/AppDelegate.m; sourceTree = "<group>"; };
		13B07FB51A68108700A75B9A /* Images.xcassets */ = {isa = PBXFileReference; lastKnownFileType = folder.assetcatalog; name = Images.xcassets; path = eureka/Images.xcassets; sourceTree = "<group>"; };
		13B07FB61A68108700A75B9A /* Info.plist */ = {isa = PBXFileReference; fileEncoding = 4; lastKnownFileType = text.plist.xml; name = Info.plist; path = eureka/Info.plist; sourceTree = "<group>"; };
		13B07FB71A68108700A75B9A /* main.m */ = {isa = PBXFileReference; fileEncoding = 4; lastKnownFileType = sourcecode.c.objc; name = main.m; path = eureka/main.m; sourceTree = "<group>"; };
		13FF089746B540B4A158A18B /* NotoSansJP-Bold.ttf */ = {isa = PBXFileReference; explicitFileType = undefined; fileEncoding = 9; includeInIndex = 0; lastKnownFileType = unknown; name = "NotoSansJP-Bold.ttf"; path = "../App/assets/fonts/NotoSansJP-Bold.ttf"; sourceTree = "<group>"; };
		1DC170E751CB47BC97AFC52E /* NotoSansJP-Medium.ttf */ = {isa = PBXFileReference; explicitFileType = undefined; fileEncoding = 9; includeInIndex = 0; lastKnownFileType = unknown; name = "NotoSansJP-Medium.ttf"; path = "../App/assets/fonts/NotoSansJP-Medium.ttf"; sourceTree = "<group>"; };
		20AB94514737C20DFC4350AE /* Pods-eureka-eurekaTests.debug.xcconfig */ = {isa = PBXFileReference; includeInIndex = 1; lastKnownFileType = text.xcconfig; name = "Pods-eureka-eurekaTests.debug.xcconfig"; path = "Target Support Files/Pods-eureka-eurekaTests/Pods-eureka-eurekaTests.debug.xcconfig"; sourceTree = "<group>"; };
		213718F4A38646CB92934819 /* MaterialCommunityIcons.ttf */ = {isa = PBXFileReference; explicitFileType = undefined; fileEncoding = 9; includeInIndex = 0; lastKnownFileType = unknown; name = MaterialCommunityIcons.ttf; path = "../node_modules/react-native-vector-icons/Fonts/MaterialCommunityIcons.ttf"; sourceTree = "<group>"; };
		31661868EF124F9795152F1E /* FontAwesome5_Regular.ttf */ = {isa = PBXFileReference; explicitFileType = undefined; fileEncoding = 9; includeInIndex = 0; lastKnownFileType = unknown; name = FontAwesome5_Regular.ttf; path = "../node_modules/react-native-vector-icons/Fonts/FontAwesome5_Regular.ttf"; sourceTree = "<group>"; };
		4041F9D441484F329CDBEF81 /* SimpleLineIcons.ttf */ = {isa = PBXFileReference; explicitFileType = undefined; fileEncoding = 9; includeInIndex = 0; lastKnownFileType = unknown; name = SimpleLineIcons.ttf; path = "../node_modules/react-native-vector-icons/Fonts/SimpleLineIcons.ttf"; sourceTree = "<group>"; };
		443CD7752704BA0B00FEA36F /* nativeLib.framework */ = {isa = PBXFileReference; explicitFileType = wrapper.framework; path = nativeLib.framework; sourceTree = BUILT_PRODUCTS_DIR; };
		444B3CD127467114009BCB15 /* GoogleService-Info.plist */ = {isa = PBXFileReference; fileEncoding = 4; lastKnownFileType = text.plist.xml; path = "GoogleService-Info.plist"; sourceTree = "<group>"; };
		44B9639607244FA7A724210F /* Fontisto.ttf */ = {isa = PBXFileReference; explicitFileType = undefined; fileEncoding = 9; includeInIndex = 0; lastKnownFileType = unknown; name = Fontisto.ttf; path = "../node_modules/react-native-vector-icons/Fonts/Fontisto.ttf"; sourceTree = "<group>"; };
		44EDFE202770B57B00DE4C2D /* AppMetrics.swift */ = {isa = PBXFileReference; lastKnownFileType = sourcecode.swift; path = AppMetrics.swift; sourceTree = "<group>"; };
		44EDFE222770CD3D00DE4C2D /* AppBackground.swift */ = {isa = PBXFileReference; lastKnownFileType = sourcecode.swift; path = AppBackground.swift; sourceTree = "<group>"; };
		47F7ED3B7971BE374F7B8635 /* Pods-eureka.debug.xcconfig */ = {isa = PBXFileReference; includeInIndex = 1; lastKnownFileType = text.xcconfig; name = "Pods-eureka.debug.xcconfig"; path = "Target Support Files/Pods-eureka/Pods-eureka.debug.xcconfig"; sourceTree = "<group>"; };
		4B1ACAB825D23DC400D12750 /* PeripheralModel.swift */ = {isa = PBXFileReference; fileEncoding = 4; lastKnownFileType = sourcecode.swift; path = PeripheralModel.swift; sourceTree = "<group>"; };
		4B1B95FA25CE99CD0072674C /* libreact-native-netinfo.a */ = {isa = PBXFileReference; explicitFileType = archive.ar; path = "libreact-native-netinfo.a"; sourceTree = BUILT_PRODUCTS_DIR; };
		4B1B970125CE9E480072674C /* libreact-native-netinfo.a */ = {isa = PBXFileReference; explicitFileType = archive.ar; path = "libreact-native-netinfo.a"; sourceTree = BUILT_PRODUCTS_DIR; };
		4B5471D9267867CD0003CC76 /* TelephonyMgrEnum.swift */ = {isa = PBXFileReference; fileEncoding = 4; lastKnownFileType = sourcecode.swift; path = TelephonyMgrEnum.swift; sourceTree = "<group>"; };
		4B972E9E2667A0040037A955 /* WeatherManager.swift */ = {isa = PBXFileReference; fileEncoding = 4; lastKnownFileType = sourcecode.swift; path = WeatherManager.swift; sourceTree = "<group>"; };
		4B972ECD2667A9180037A955 /* CalendarService.swift */ = {isa = PBXFileReference; fileEncoding = 4; lastKnownFileType = sourcecode.swift; path = CalendarService.swift; sourceTree = "<group>"; };
		4B9D6A4125CD99EA00EC3AE8 /* NoParamEventEnum.swift */ = {isa = PBXFileReference; fileEncoding = 4; lastKnownFileType = sourcecode.swift; path = NoParamEventEnum.swift; sourceTree = "<group>"; };
		4BF6D79B25CD4E3300DC9A5E /* LifePlusReactModule.swift */ = {isa = PBXFileReference; fileEncoding = 4; lastKnownFileType = sourcecode.swift; path = LifePlusReactModule.swift; sourceTree = "<group>"; };
		545EE635E42E428199CBD0E3 /* EvilIcons.ttf */ = {isa = PBXFileReference; explicitFileType = undefined; fileEncoding = 9; includeInIndex = 0; lastKnownFileType = unknown; name = EvilIcons.ttf; path = "../node_modules/react-native-vector-icons/Fonts/EvilIcons.ttf"; sourceTree = "<group>"; };
		5A414AE3262A4B6BAF65E35C /* NotoSansJP-Regular.ttf */ = {isa = PBXFileReference; explicitFileType = undefined; fileEncoding = 9; includeInIndex = 0; lastKnownFileType = unknown; name = "NotoSansJP-Regular.ttf"; path = "../App/assets/fonts/NotoSansJP-Regular.ttf"; sourceTree = "<group>"; };
		6798C19D8A85400AA807CA40 /* FontAwesome.ttf */ = {isa = PBXFileReference; explicitFileType = undefined; fileEncoding = 9; includeInIndex = 0; lastKnownFileType = unknown; name = FontAwesome.ttf; path = "../node_modules/react-native-vector-icons/Fonts/FontAwesome.ttf"; sourceTree = "<group>"; };
		7533C965B72700ED5E109803 /* libPods-eureka-eurekaTests.a */ = {isa = PBXFileReference; explicitFileType = archive.ar; includeInIndex = 0; path = "libPods-eureka-eurekaTests.a"; sourceTree = BUILT_PRODUCTS_DIR; };
		7955037F2B67A557001550D0 /* NotificationUtil.swift */ = {isa = PBXFileReference; lastKnownFileType = sourcecode.swift; path = NotificationUtil.swift; sourceTree = "<group>"; };
		7A5AB0A13812416D89E32C9B /* MaterialIcons.ttf */ = {isa = PBXFileReference; explicitFileType = undefined; fileEncoding = 9; includeInIndex = 0; lastKnownFileType = unknown; name = MaterialIcons.ttf; path = "../node_modules/react-native-vector-icons/Fonts/MaterialIcons.ttf"; sourceTree = "<group>"; };
		81AB9BB72411601600AC10FF /* LaunchScreen.storyboard */ = {isa = PBXFileReference; fileEncoding = 4; lastKnownFileType = file.storyboard; name = LaunchScreen.storyboard; path = eureka/LaunchScreen.storyboard; sourceTree = "<group>"; };
		81B8326AC6ED43408FE5E0A7 /* AntDesign.ttf */ = {isa = PBXFileReference; explicitFileType = undefined; fileEncoding = 9; includeInIndex = 0; lastKnownFileType = unknown; name = AntDesign.ttf; path = "../node_modules/react-native-vector-icons/Fonts/AntDesign.ttf"; sourceTree = "<group>"; };
		917B633F1F4548FCA0663C06 /* FontAwesome5_Brands.ttf */ = {isa = PBXFileReference; explicitFileType = undefined; fileEncoding = 9; includeInIndex = 0; lastKnownFileType = unknown; name = FontAwesome5_Brands.ttf; path = "../node_modules/react-native-vector-icons/Fonts/FontAwesome5_Brands.ttf"; sourceTree = "<group>"; };
		A101218946D74AFEBB283523 /* Feather.ttf */ = {isa = PBXFileReference; explicitFileType = undefined; fileEncoding = 9; includeInIndex = 0; lastKnownFileType = unknown; name = Feather.ttf; path = "../node_modules/react-native-vector-icons/Fonts/Feather.ttf"; sourceTree = "<group>"; };
		B75E606182544B6391E920A6 /* NotoSansJP-Light.ttf */ = {isa = PBXFileReference; explicitFileType = undefined; fileEncoding = 9; includeInIndex = 0; lastKnownFileType = unknown; name = "NotoSansJP-Light.ttf"; path = "../App/assets/fonts/NotoSansJP-Light.ttf"; sourceTree = "<group>"; };
		C434790E24ED416D9ACAF644 /* Foundation.ttf */ = {isa = PBXFileReference; explicitFileType = undefined; fileEncoding = 9; includeInIndex = 0; lastKnownFileType = unknown; name = Foundation.ttf; path = "../node_modules/react-native-vector-icons/Fonts/Foundation.ttf"; sourceTree = "<group>"; };
		C4EFECC063B648DCA55EB23D /* FontAwesome5_Solid.ttf */ = {isa = PBXFileReference; explicitFileType = undefined; fileEncoding = 9; includeInIndex = 0; lastKnownFileType = unknown; name = FontAwesome5_Solid.ttf; path = "../node_modules/react-native-vector-icons/Fonts/FontAwesome5_Solid.ttf"; sourceTree = "<group>"; };
		C723CA0D2522F368006AAE6F /* eureka-Bridging-Header.h */ = {isa = PBXFileReference; lastKnownFileType = sourcecode.c.h; path = "eureka-Bridging-Header.h"; sourceTree = "<group>"; };
		C7269E7726255BFA008E0705 /* Eureka.entitlements */ = {isa = PBXFileReference; lastKnownFileType = text.plist.entitlements; name = Eureka.entitlements; path = eureka/Eureka.entitlements; sourceTree = "<group>"; };
		C74B77CE2525F803006ADCC2 /* DbQry.swift */ = {isa = PBXFileReference; fileEncoding = 4; lastKnownFileType = sourcecode.swift; path = DbQry.swift; sourceTree = "<group>"; };
		C74B77CF2525F803006ADCC2 /* AService.swift */ = {isa = PBXFileReference; fileEncoding = 4; lastKnownFileType = sourcecode.swift; path = AService.swift; sourceTree = "<group>"; };
		C74B77D02525F803006ADCC2 /* Paramenters.swift */ = {isa = PBXFileReference; fileEncoding = 4; lastKnownFileType = sourcecode.swift; path = Paramenters.swift; sourceTree = "<group>"; };
		C74B77D12525F803006ADCC2 /* Services.swift */ = {isa = PBXFileReference; fileEncoding = 4; lastKnownFileType = sourcecode.swift; path = Services.swift; sourceTree = "<group>"; };
		C74B77D22525F803006ADCC2 /* ACharacteristic.swift */ = {isa = PBXFileReference; fileEncoding = 4; lastKnownFileType = sourcecode.swift; path = ACharacteristic.swift; sourceTree = "<group>"; };
		C74B77D32525F803006ADCC2 /* ServicesDef.swift */ = {isa = PBXFileReference; fileEncoding = 4; lastKnownFileType = sourcecode.swift; path = ServicesDef.swift; sourceTree = "<group>"; };
		C74B77D42525F803006ADCC2 /* DatabaseTunnel.swift */ = {isa = PBXFileReference; fileEncoding = 4; lastKnownFileType = sourcecode.swift; path = DatabaseTunnel.swift; sourceTree = "<group>"; };
		C74B77D52525F803006ADCC2 /* DataType.swift */ = {isa = PBXFileReference; fileEncoding = 4; lastKnownFileType = sourcecode.swift; path = DataType.swift; sourceTree = "<group>"; };
		C74B77D72525F804006ADCC2 /* Methods.swift */ = {isa = PBXFileReference; fileEncoding = 4; lastKnownFileType = sourcecode.swift; path = Methods.swift; sourceTree = "<group>"; };
		C74B77D82525F804006ADCC2 /* CharatericsDef.swift */ = {isa = PBXFileReference; fileEncoding = 4; lastKnownFileType = sourcecode.swift; path = CharatericsDef.swift; sourceTree = "<group>"; };
		C74B780A2525F883006ADCC2 /* LifePlusReactModule.m */ = {isa = PBXFileReference; fileEncoding = 4; lastKnownFileType = sourcecode.c.objc; path = LifePlusReactModule.m; sourceTree = "<group>"; };
		C74B78132525FDCA006ADCC2 /* SimulatorUtil.swift */ = {isa = PBXFileReference; fileEncoding = 4; lastKnownFileType = sourcecode.swift; path = SimulatorUtil.swift; sourceTree = "<group>"; };
		C7694E1C248E686E00FAA8EA /* libRNVectorIcons.a */ = {isa = PBXFileReference; explicitFileType = archive.ar; path = libRNVectorIcons.a; sourceTree = BUILT_PRODUCTS_DIR; };
		C776F0D3248E70CB00D30932 /* Rajdhani-Medium.ttf */ = {isa = PBXFileReference; lastKnownFileType = file; name = "Rajdhani-Medium.ttf"; path = "../android/app/src/main/assets/fonts/Rajdhani-Medium.ttf"; sourceTree = "<group>"; };
		C776F0D4248E70CB00D30932 /* Rajdhani-Light.ttf */ = {isa = PBXFileReference; lastKnownFileType = file; name = "Rajdhani-Light.ttf"; path = "../android/app/src/main/assets/fonts/Rajdhani-Light.ttf"; sourceTree = "<group>"; };
		C776F0D5248E70CB00D30932 /* Rajdhani-Regular.ttf */ = {isa = PBXFileReference; lastKnownFileType = file; name = "Rajdhani-Regular.ttf"; path = "../android/app/src/main/assets/fonts/Rajdhani-Regular.ttf"; sourceTree = "<group>"; };
		C776F0D6248E70CB00D30932 /* Rajdhani-SemiBold.ttf */ = {isa = PBXFileReference; lastKnownFileType = file; name = "Rajdhani-SemiBold.ttf"; path = "../android/app/src/main/assets/fonts/Rajdhani-SemiBold.ttf"; sourceTree = "<group>"; };
		C776F0D7248E70CB00D30932 /* Rajdhani-Bold.ttf */ = {isa = PBXFileReference; lastKnownFileType = file; name = "Rajdhani-Bold.ttf"; path = "../android/app/src/main/assets/fonts/Rajdhani-Bold.ttf"; sourceTree = "<group>"; };
		C7D4409525DA781500B96028 /* RequestStatus.swift */ = {isa = PBXFileReference; fileEncoding = 4; lastKnownFileType = sourcecode.swift; path = RequestStatus.swift; sourceTree = "<group>"; };
		CA3E69C5B9553B26FBA2DF04 /* libPods-eureka.a */ = {isa = PBXFileReference; explicitFileType = archive.ar; includeInIndex = 0; path = "libPods-eureka.a"; sourceTree = BUILT_PRODUCTS_DIR; };
		DAA18CAFF8F84C4DBA0359C3 /* Zocial.ttf */ = {isa = PBXFileReference; explicitFileType = undefined; fileEncoding = 9; includeInIndex = 0; lastKnownFileType = unknown; name = Zocial.ttf; path = "../node_modules/react-native-vector-icons/Fonts/Zocial.ttf"; sourceTree = "<group>"; };
		E00ACF0FDA8BF921659E2F9A /* Pods-eureka.release.xcconfig */ = {isa = PBXFileReference; includeInIndex = 1; lastKnownFileType = text.xcconfig; name = "Pods-eureka.release.xcconfig"; path = "Target Support Files/Pods-eureka/Pods-eureka.release.xcconfig"; sourceTree = "<group>"; };
		E49177AC2BD288ED00C41460 /* skinToneDetection.framework */ = {isa = PBXFileReference; explicitFileType = wrapper.framework; path = skinToneDetection.framework; sourceTree = BUILT_PRODUCTS_DIR; };
		EC1294380F6AD2F72CA45BA5 /* Pods-eureka-eurekaTests.release.xcconfig */ = {isa = PBXFileReference; includeInIndex = 1; lastKnownFileType = text.xcconfig; name = "Pods-eureka-eurekaTests.release.xcconfig"; path = "Target Support Files/Pods-eureka-eurekaTests/Pods-eureka-eurekaTests.release.xcconfig"; sourceTree = "<group>"; };
		ED297162215061F000B7C4FE /* JavaScriptCore.framework */ = {isa = PBXFileReference; lastKnownFileType = wrapper.framework; name = JavaScriptCore.framework; path = System/Library/Frameworks/JavaScriptCore.framework; sourceTree = SDKROOT; };
		ED2971642150620600B7C4FE /* JavaScriptCore.framework */ = {isa = PBXFileReference; lastKnownFileType = wrapper.framework; name = JavaScriptCore.framework; path = Platforms/AppleTVOS.platform/Developer/SDKs/AppleTVOS12.0.sdk/System/Library/Frameworks/JavaScriptCore.framework; sourceTree = DEVELOPER_DIR; };
		F4916D0A2CDE48FE9EF9124A /* NotoSansJP-SemiBold.ttf */ = {isa = PBXFileReference; explicitFileType = undefined; fileEncoding = 9; includeInIndex = 0; lastKnownFileType = unknown; name = "NotoSansJP-SemiBold.ttf"; path = "../App/assets/fonts/NotoSansJP-SemiBold.ttf"; sourceTree = "<group>"; };
/* End PBXFileReference section */

/* Begin PBXFrameworksBuildPhase section */
		00E356EB1AD99517003FC87E /* Frameworks */ = {
			isa = PBXFrameworksBuildPhase;
			buildActionMask = 2147483647;
			files = (
				69AF7E46C79455F135C08478 /* libPods-eureka-eurekaTests.a in Frameworks */,
			);
			runOnlyForDeploymentPostprocessing = 0;
		};
		13B07F8C1A680F5B00A75B9A /* Frameworks */ = {
			isa = PBXFrameworksBuildPhase;
			buildActionMask = 2147483647;
			files = (
				E49177AD2BD288ED00C41460 /* skinToneDetection.framework in Frameworks */,
				4C39C56BAD484C67AA576FFA /* libPods-eureka.a in Frameworks */,
				443CD7762704BA0B00FEA36F /* nativeLib.framework in Frameworks */,
			);
			runOnlyForDeploymentPostprocessing = 0;
		};
/* End PBXFrameworksBuildPhase section */

/* Begin PBXGroup section */
		00E356EF1AD99517003FC87E /* eurekaTests */ = {
			isa = PBXGroup;
			children = (
				00E356F21AD99517003FC87E /* eurekaTests.m */,
				00E356F01AD99517003FC87E /* Supporting Files */,
			);
			path = eurekaTests;
			sourceTree = "<group>";
		};
		00E356F01AD99517003FC87E /* Supporting Files */ = {
			isa = PBXGroup;
			children = (
				00E356F11AD99517003FC87E /* Info.plist */,
			);
			name = "Supporting Files";
			sourceTree = "<group>";
		};
		13B07FAE1A68108700A75B9A /* eureka */ = {
			isa = PBXGroup;
			children = (
				44EDFE222770CD3D00DE4C2D /* AppBackground.swift */,
				13B07FAF1A68108700A75B9A /* AppDelegate.h */,
				13B07FB01A68108700A75B9A /* AppDelegate.m */,
				44EDFE202770B57B00DE4C2D /* AppMetrics.swift */,
				C723CA0D2522F368006AAE6F /* eureka-Bridging-Header.h */,
				C7269E7726255BFA008E0705 /* Eureka.entitlements */,
				444B3CD127467114009BCB15 /* GoogleService-Info.plist */,
				13B07FB51A68108700A75B9A /* Images.xcassets */,
				13B07FB61A68108700A75B9A /* Info.plist */,
				81AB9BB72411601600AC10FF /* LaunchScreen.storyboard */,
				C74B780A2525F883006ADCC2 /* LifePlusReactModule.m */,
				4BF6D79B25CD4E3300DC9A5E /* LifePlusReactModule.swift */,
				008F07F21AC5B25A0029DE68 /* main.jsbundle */,
				13B07FB71A68108700A75B9A /* main.m */,
				C723CA75252306AA006AAE6F /* Models */,
				4B972E9C2667A0040037A955 /* Services */,
				C74B78122525FDCA006ADCC2 /* Simulator */,
				4B9D6A2825CD998F00EC3AE8 /* WebService */,
			);
			name = eureka;
			sourceTree = "<group>";
		};
		2D16E6871FA4F8E400B85C8A /* Frameworks */ = {
			isa = PBXGroup;
			children = (
				E49177AC2BD288ED00C41460 /* skinToneDetection.framework */,
				443CD7752704BA0B00FEA36F /* nativeLib.framework */,
				4B1B970125CE9E480072674C /* libreact-native-netinfo.a */,
				4B1B95FA25CE99CD0072674C /* libreact-native-netinfo.a */,
				C7694E1C248E686E00FAA8EA /* libRNVectorIcons.a */,
				ED297162215061F000B7C4FE /* JavaScriptCore.framework */,
				ED2971642150620600B7C4FE /* JavaScriptCore.framework */,
				CA3E69C5B9553B26FBA2DF04 /* libPods-eureka.a */,
				7533C965B72700ED5E109803 /* libPods-eureka-eurekaTests.a */,
			);
			name = Frameworks;
			sourceTree = "<group>";
		};
		4B972E9C2667A0040037A955 /* Services */ = {
			isa = PBXGroup;
			children = (
				4B972ECC2667A9180037A955 /* Calendar */,
				4B972E9D2667A0040037A955 /* Weather */,
				7955037F2B67A557001550D0 /* NotificationUtil.swift */,
			);
			path = Services;
			sourceTree = "<group>";
		};
		4B972E9D2667A0040037A955 /* Weather */ = {
			isa = PBXGroup;
			children = (
				4B972E9E2667A0040037A955 /* WeatherManager.swift */,
			);
			path = Weather;
			sourceTree = "<group>";
		};
		4B972ECC2667A9180037A955 /* Calendar */ = {
			isa = PBXGroup;
			children = (
				4B972ECD2667A9180037A955 /* CalendarService.swift */,
			);
			path = Calendar;
			sourceTree = "<group>";
		};
		4B9D6A2825CD998F00EC3AE8 /* WebService */ = {
			isa = PBXGroup;
			children = (
				C7D4409525DA781500B96028 /* RequestStatus.swift */,
			);
			path = WebService;
			sourceTree = "<group>";
		};
		4B9D6A3B25CD99EA00EC3AE8 /* Enum */ = {
			isa = PBXGroup;
			children = (
				4B5471D9267867CD0003CC76 /* TelephonyMgrEnum.swift */,
				4B9D6A4125CD99EA00EC3AE8 /* NoParamEventEnum.swift */,
			);
			path = Enum;
			sourceTree = "<group>";
		};
		6B9684456A2045ADE5A6E47E /* Pods */ = {
			isa = PBXGroup;
			children = (
				47F7ED3B7971BE374F7B8635 /* Pods-eureka.debug.xcconfig */,
				E00ACF0FDA8BF921659E2F9A /* Pods-eureka.release.xcconfig */,
				20AB94514737C20DFC4350AE /* Pods-eureka-eurekaTests.debug.xcconfig */,
				EC1294380F6AD2F72CA45BA5 /* Pods-eureka-eurekaTests.release.xcconfig */,
			);
			path = Pods;
			sourceTree = "<group>";
		};
		6C59143EAA69497EBA0C9EF2 /* Resources */ = {
			isa = PBXGroup;
			children = (
				C776F0D7248E70CB00D30932 /* Rajdhani-Bold.ttf */,
				C776F0D4248E70CB00D30932 /* Rajdhani-Light.ttf */,
				C776F0D3248E70CB00D30932 /* Rajdhani-Medium.ttf */,
				C776F0D5248E70CB00D30932 /* Rajdhani-Regular.ttf */,
				C776F0D6248E70CB00D30932 /* Rajdhani-SemiBold.ttf */,
				81B8326AC6ED43408FE5E0A7 /* AntDesign.ttf */,
				015BEE392CAD40D59EED25E9 /* Entypo.ttf */,
				545EE635E42E428199CBD0E3 /* EvilIcons.ttf */,
				A101218946D74AFEBB283523 /* Feather.ttf */,
				6798C19D8A85400AA807CA40 /* FontAwesome.ttf */,
				917B633F1F4548FCA0663C06 /* FontAwesome5_Brands.ttf */,
				31661868EF124F9795152F1E /* FontAwesome5_Regular.ttf */,
				C4EFECC063B648DCA55EB23D /* FontAwesome5_Solid.ttf */,
				44B9639607244FA7A724210F /* Fontisto.ttf */,
				C434790E24ED416D9ACAF644 /* Foundation.ttf */,
				09F022958F8F478EA13F8D4A /* Ionicons.ttf */,
				213718F4A38646CB92934819 /* MaterialCommunityIcons.ttf */,
				7A5AB0A13812416D89E32C9B /* MaterialIcons.ttf */,
				05B851C01E4E4B168C016888 /* Octicons.ttf */,
				4041F9D441484F329CDBEF81 /* SimpleLineIcons.ttf */,
				DAA18CAFF8F84C4DBA0359C3 /* Zocial.ttf */,
				13FF089746B540B4A158A18B /* NotoSansJP-Bold.ttf */,
				B75E606182544B6391E920A6 /* NotoSansJP-Light.ttf */,
				1DC170E751CB47BC97AFC52E /* NotoSansJP-Medium.ttf */,
				5A414AE3262A4B6BAF65E35C /* NotoSansJP-Regular.ttf */,
				F4916D0A2CDE48FE9EF9124A /* NotoSansJP-SemiBold.ttf */,
			);
			name = Resources;
			sourceTree = "<group>";
		};
		83CBB9F61A601CBA00E9B192 = {
			isa = PBXGroup;
			children = (
				13B07FAE1A68108700A75B9A /* eureka */,
				00E356EF1AD99517003FC87E /* eurekaTests */,
				83CBBA001A601CBA00E9B192 /* Products */,
				2D16E6871FA4F8E400B85C8A /* Frameworks */,
				6B9684456A2045ADE5A6E47E /* Pods */,
				6C59143EAA69497EBA0C9EF2 /* Resources */,
			);
			indentWidth = 2;
			sourceTree = "<group>";
			tabWidth = 2;
			usesTabs = 0;
		};
		83CBBA001A601CBA00E9B192 /* Products */ = {
			isa = PBXGroup;
			children = (
				13B07F961A680F5B00A75B9A /* GlucoNow.app */,
				00E356EE1AD99517003FC87E /* eurekaTests.xctest */,
			);
			name = Products;
			sourceTree = "<group>";
		};
		C723CA75252306AA006AAE6F /* Models */ = {
			isa = PBXGroup;
			children = (
				C74B77D22525F803006ADCC2 /* ACharacteristic.swift */,
				C74B77CF2525F803006ADCC2 /* AService.swift */,
				C74B77D82525F804006ADCC2 /* CharatericsDef.swift */,
				C74B77D42525F803006ADCC2 /* DatabaseTunnel.swift */,
				C74B77D52525F803006ADCC2 /* DataType.swift */,
				C74B77CE2525F803006ADCC2 /* DbQry.swift */,
				4B9D6A3B25CD99EA00EC3AE8 /* Enum */,
				C74B77D72525F804006ADCC2 /* Methods.swift */,
				4B1ACAB825D23DC400D12750 /* PeripheralModel.swift */,
				C74B77D02525F803006ADCC2 /* Paramenters.swift */,
				C74B77D12525F803006ADCC2 /* Services.swift */,
				C74B77D32525F803006ADCC2 /* ServicesDef.swift */,
			);
			path = Models;
			sourceTree = "<group>";
		};
		C74B78122525FDCA006ADCC2 /* Simulator */ = {
			isa = PBXGroup;
			children = (
				C74B78132525FDCA006ADCC2 /* SimulatorUtil.swift */,
			);
			path = Simulator;
			sourceTree = "<group>";
		};
/* End PBXGroup section */

/* Begin PBXNativeTarget section */
		00E356ED1AD99517003FC87E /* eurekaTests */ = {
			isa = PBXNativeTarget;
			buildConfigurationList = 00E357021AD99517003FC87E /* Build configuration list for PBXNativeTarget "eurekaTests" */;
			buildPhases = (
				3BD00D8DB48E257517D6B951 /* [CP] Check Pods Manifest.lock */,
				00E356EA1AD99517003FC87E /* Sources */,
				00E356EB1AD99517003FC87E /* Frameworks */,
				00E356EC1AD99517003FC87E /* Resources */,
				441170A4DAEF877A820C1CEA /* [CP] Copy Pods Resources */,
				3BA84F781C28F2378C19EA74 /* [CP] Embed Pods Frameworks */,
			);
			buildRules = (
			);
			dependencies = (
				00E356F51AD99517003FC87E /* PBXTargetDependency */,
			);
			name = eurekaTests;
			productName = eurekaTests;
			productReference = 00E356EE1AD99517003FC87E /* eurekaTests.xctest */;
			productType = "com.apple.product-type.bundle.unit-test";
		};
		13B07F861A680F5B00A75B9A /* eureka */ = {
			isa = PBXNativeTarget;
			buildConfigurationList = 13B07F931A680F5B00A75B9A /* Build configuration list for PBXNativeTarget "eureka" */;
			buildPhases = (
				4F0A6FC082772762E3E4C96C /* [CP] Check Pods Manifest.lock */,
				FD10A7F022414F080027D42C /* Start Packager */,
				13B07F871A680F5B00A75B9A /* Sources */,
				13B07F8C1A680F5B00A75B9A /* Frameworks */,
				13B07F8E1A680F5B00A75B9A /* Resources */,
				00DD1BFF1BD5951E006B06BC /* Bundle React Native code and images */,
				C1D60D28B925C94BD88E79D7 /* [CP] Copy Pods Resources */,
				046BDD8137CED4DC77F69D31 /* [CP] Embed Pods Frameworks */,
				443CD7782704BA0C00FEA36F /* Embed Frameworks */,
				444B3CD327467312009BCB15 /* ShellScript */,
				4453BC336D69C8BC549D2636 /* [CP-User] [RNFB] Core Configuration */,
			);
			buildRules = (
			);
			dependencies = (
			);
			name = eureka;
			productName = eureka;
			productReference = 13B07F961A680F5B00A75B9A /* GlucoNow.app */;
			productType = "com.apple.product-type.application";
		};
/* End PBXNativeTarget section */

/* Begin PBXProject section */
		83CBB9F71A601CBA00E9B192 /* Project object */ = {
			isa = PBXProject;
			attributes = {
				LastSwiftUpdateCheck = 1250;
				LastUpgradeCheck = 1340;
				TargetAttributes = {
					00E356ED1AD99517003FC87E = {
						CreatedOnToolsVersion = 6.2;
						DevelopmentTeam = FQU5KN8Q6Z;
						TestTargetID = 13B07F861A680F5B00A75B9A;
					};
					13B07F861A680F5B00A75B9A = {
						DevelopmentTeam = 973YKFH8G2;
						LastSwiftMigration = 1160;
						ProvisioningStyle = Automatic;
					};
				};
			};
			buildConfigurationList = 83CBB9FA1A601CBA00E9B192 /* Build configuration list for PBXProject "eureka" */;
			compatibilityVersion = "Xcode 3.2";
			developmentRegion = en;
			hasScannedForEncodings = 0;
			knownRegions = (
				en,
				Base,
			);
			mainGroup = 83CBB9F61A601CBA00E9B192;
			productRefGroup = 83CBBA001A601CBA00E9B192 /* Products */;
			projectDirPath = "";
			projectRoot = "";
			targets = (
				13B07F861A680F5B00A75B9A /* eureka */,
				00E356ED1AD99517003FC87E /* eurekaTests */,
			);
		};
/* End PBXProject section */

/* Begin PBXResourcesBuildPhase section */
		00E356EC1AD99517003FC87E /* Resources */ = {
			isa = PBXResourcesBuildPhase;
			buildActionMask = 2147483647;
			files = (
			);
			runOnlyForDeploymentPostprocessing = 0;
		};
		13B07F8E1A680F5B00A75B9A /* Resources */ = {
			isa = PBXResourcesBuildPhase;
			buildActionMask = 2147483647;
			files = (
				C776F0DB248E70CB00D30932 /* Rajdhani-SemiBold.ttf in Resources */,
				444B3CD227467115009BCB15 /* GoogleService-Info.plist in Resources */,
				C776F0D9248E70CB00D30932 /* Rajdhani-Light.ttf in Resources */,
				13B07FBF1A68108700A75B9A /* Images.xcassets in Resources */,
				81AB9BB82411601600AC10FF /* LaunchScreen.storyboard in Resources */,
				C776F0DC248E70CB00D30932 /* Rajdhani-Bold.ttf in Resources */,
				C776F0D8248E70CB00D30932 /* Rajdhani-Medium.ttf in Resources */,
				C776F0DA248E70CB00D30932 /* Rajdhani-Regular.ttf in Resources */,
				E172717B378B44F08390E836 /* NotoSansJP-Bold.ttf in Resources */,
				80B58BF328DE4EAD883CE2AD /* NotoSansJP-Light.ttf in Resources */,
				2D4F780C5861427D88A92549 /* NotoSansJP-Medium.ttf in Resources */,
				8B761C3BD82E44C18668E3A4 /* NotoSansJP-Regular.ttf in Resources */,
				138240689FC845A8ABDBE40F /* NotoSansJP-SemiBold.ttf in Resources */,
			);
			runOnlyForDeploymentPostprocessing = 0;
		};
/* End PBXResourcesBuildPhase section */

/* Begin PBXShellScriptBuildPhase section */
		00DD1BFF1BD5951E006B06BC /* Bundle React Native code and images */ = {
			isa = PBXShellScriptBuildPhase;
			buildActionMask = 8;
			files = (
			);
			inputPaths = (
			);
			name = "Bundle React Native code and images";
			outputPaths = (
			);
			runOnlyForDeploymentPostprocessing = 1;
			shellPath = /bin/sh;
			shellScript = "export NODE_BINARY=node\n../node_modules/react-native/scripts/react-native-xcode.sh\n";
		};
		046BDD8137CED4DC77F69D31 /* [CP] Embed Pods Frameworks */ = {
			isa = PBXShellScriptBuildPhase;
			buildActionMask = 2147483647;
			files = (
			);
			inputPaths = (
				"${PODS_ROOT}/Target Support Files/Pods-eureka/Pods-eureka-frameworks.sh",
				"${PODS_XCFRAMEWORKS_BUILD_DIR}/Flipper-DoubleConversion/double-conversion.framework/double-conversion",
				"${PODS_XCFRAMEWORKS_BUILD_DIR}/OpenSSL-Universal/OpenSSL.framework/OpenSSL",
				"${PODS_XCFRAMEWORKS_BUILD_DIR}/hermes-engine/hermes.framework/hermes",
			);
			name = "[CP] Embed Pods Frameworks";
			outputPaths = (
				"${TARGET_BUILD_DIR}/${FRAMEWORKS_FOLDER_PATH}/double-conversion.framework",
				"${TARGET_BUILD_DIR}/${FRAMEWORKS_FOLDER_PATH}/OpenSSL.framework",
				"${TARGET_BUILD_DIR}/${FRAMEWORKS_FOLDER_PATH}/hermes.framework",
			);
			runOnlyForDeploymentPostprocessing = 0;
			shellPath = /bin/sh;
			shellScript = "\"${PODS_ROOT}/Target Support Files/Pods-eureka/Pods-eureka-frameworks.sh\"\n";
			showEnvVarsInLog = 0;
		};
		3BA84F781C28F2378C19EA74 /* [CP] Embed Pods Frameworks */ = {
			isa = PBXShellScriptBuildPhase;
			buildActionMask = 2147483647;
			files = (
			);
			inputPaths = (
				"${PODS_ROOT}/Target Support Files/Pods-eureka-eurekaTests/Pods-eureka-eurekaTests-frameworks.sh",
				"${PODS_XCFRAMEWORKS_BUILD_DIR}/Flipper-DoubleConversion/double-conversion.framework/double-conversion",
				"${PODS_XCFRAMEWORKS_BUILD_DIR}/OpenSSL-Universal/OpenSSL.framework/OpenSSL",
				"${PODS_XCFRAMEWORKS_BUILD_DIR}/hermes-engine/hermes.framework/hermes",
			);
			name = "[CP] Embed Pods Frameworks";
			outputPaths = (
				"${TARGET_BUILD_DIR}/${FRAMEWORKS_FOLDER_PATH}/double-conversion.framework",
				"${TARGET_BUILD_DIR}/${FRAMEWORKS_FOLDER_PATH}/OpenSSL.framework",
				"${TARGET_BUILD_DIR}/${FRAMEWORKS_FOLDER_PATH}/hermes.framework",
			);
			runOnlyForDeploymentPostprocessing = 0;
			shellPath = /bin/sh;
			shellScript = "\"${PODS_ROOT}/Target Support Files/Pods-eureka-eurekaTests/Pods-eureka-eurekaTests-frameworks.sh\"\n";
			showEnvVarsInLog = 0;
		};
		3BD00D8DB48E257517D6B951 /* [CP] Check Pods Manifest.lock */ = {
			isa = PBXShellScriptBuildPhase;
			buildActionMask = 2147483647;
			files = (
			);
			inputFileListPaths = (
			);
			inputPaths = (
				"${PODS_PODFILE_DIR_PATH}/Podfile.lock",
				"${PODS_ROOT}/Manifest.lock",
			);
			name = "[CP] Check Pods Manifest.lock";
			outputFileListPaths = (
			);
			outputPaths = (
				"$(DERIVED_FILE_DIR)/Pods-eureka-eurekaTests-checkManifestLockResult.txt",
			);
			runOnlyForDeploymentPostprocessing = 0;
			shellPath = /bin/sh;
			shellScript = "diff \"${PODS_PODFILE_DIR_PATH}/Podfile.lock\" \"${PODS_ROOT}/Manifest.lock\" > /dev/null\nif [ $? != 0 ] ; then\n    # print error to STDERR\n    echo \"error: The sandbox is not in sync with the Podfile.lock. Run 'pod install' or update your CocoaPods installation.\" >&2\n    exit 1\nfi\n# This output is used by Xcode 'outputs' to avoid re-running this script phase.\necho \"SUCCESS\" > \"${SCRIPT_OUTPUT_FILE_0}\"\n";
			showEnvVarsInLog = 0;
		};
		441170A4DAEF877A820C1CEA /* [CP] Copy Pods Resources */ = {
			isa = PBXShellScriptBuildPhase;
			buildActionMask = 2147483647;
			files = (
			);
			inputPaths = (
				"${PODS_ROOT}/Target Support Files/Pods-eureka-eurekaTests/Pods-eureka-eurekaTests-resources.sh",
				"${PODS_CONFIGURATION_BUILD_DIR}/GoogleUtilities/GoogleUtilities_Privacy.bundle",
				"${PODS_CONFIGURATION_BUILD_DIR}/RNImageCropPicker/QBImagePicker.bundle",
				"${PODS_ROOT}/../../node_modules/react-native-vector-icons/Fonts/AntDesign.ttf",
				"${PODS_ROOT}/../../node_modules/react-native-vector-icons/Fonts/Entypo.ttf",
				"${PODS_ROOT}/../../node_modules/react-native-vector-icons/Fonts/EvilIcons.ttf",
				"${PODS_ROOT}/../../node_modules/react-native-vector-icons/Fonts/Feather.ttf",
				"${PODS_ROOT}/../../node_modules/react-native-vector-icons/Fonts/FontAwesome.ttf",
				"${PODS_ROOT}/../../node_modules/react-native-vector-icons/Fonts/FontAwesome5_Brands.ttf",
				"${PODS_ROOT}/../../node_modules/react-native-vector-icons/Fonts/FontAwesome5_Regular.ttf",
				"${PODS_ROOT}/../../node_modules/react-native-vector-icons/Fonts/FontAwesome5_Solid.ttf",
				"${PODS_ROOT}/../../node_modules/react-native-vector-icons/Fonts/Fontisto.ttf",
				"${PODS_ROOT}/../../node_modules/react-native-vector-icons/Fonts/Foundation.ttf",
				"${PODS_ROOT}/../../node_modules/react-native-vector-icons/Fonts/Ionicons.ttf",
				"${PODS_ROOT}/../../node_modules/react-native-vector-icons/Fonts/MaterialCommunityIcons.ttf",
				"${PODS_ROOT}/../../node_modules/react-native-vector-icons/Fonts/MaterialIcons.ttf",
				"${PODS_ROOT}/../../node_modules/react-native-vector-icons/Fonts/Octicons.ttf",
				"${PODS_ROOT}/../../node_modules/react-native-vector-icons/Fonts/SimpleLineIcons.ttf",
				"${PODS_ROOT}/../../node_modules/react-native-vector-icons/Fonts/Zocial.ttf",
				"${PODS_CONFIGURATION_BUILD_DIR}/React-Core/AccessibilityResources.bundle",
				"${PODS_CONFIGURATION_BUILD_DIR}/TOCropViewController/TOCropViewControllerBundle.bundle",
			);
			name = "[CP] Copy Pods Resources";
			outputPaths = (
				"${TARGET_BUILD_DIR}/${UNLOCALIZED_RESOURCES_FOLDER_PATH}/GoogleUtilities_Privacy.bundle",
				"${TARGET_BUILD_DIR}/${UNLOCALIZED_RESOURCES_FOLDER_PATH}/QBImagePicker.bundle",
				"${TARGET_BUILD_DIR}/${UNLOCALIZED_RESOURCES_FOLDER_PATH}/AntDesign.ttf",
				"${TARGET_BUILD_DIR}/${UNLOCALIZED_RESOURCES_FOLDER_PATH}/Entypo.ttf",
				"${TARGET_BUILD_DIR}/${UNLOCALIZED_RESOURCES_FOLDER_PATH}/EvilIcons.ttf",
				"${TARGET_BUILD_DIR}/${UNLOCALIZED_RESOURCES_FOLDER_PATH}/Feather.ttf",
				"${TARGET_BUILD_DIR}/${UNLOCALIZED_RESOURCES_FOLDER_PATH}/FontAwesome.ttf",
				"${TARGET_BUILD_DIR}/${UNLOCALIZED_RESOURCES_FOLDER_PATH}/FontAwesome5_Brands.ttf",
				"${TARGET_BUILD_DIR}/${UNLOCALIZED_RESOURCES_FOLDER_PATH}/FontAwesome5_Regular.ttf",
				"${TARGET_BUILD_DIR}/${UNLOCALIZED_RESOURCES_FOLDER_PATH}/FontAwesome5_Solid.ttf",
				"${TARGET_BUILD_DIR}/${UNLOCALIZED_RESOURCES_FOLDER_PATH}/Fontisto.ttf",
				"${TARGET_BUILD_DIR}/${UNLOCALIZED_RESOURCES_FOLDER_PATH}/Foundation.ttf",
				"${TARGET_BUILD_DIR}/${UNLOCALIZED_RESOURCES_FOLDER_PATH}/Ionicons.ttf",
				"${TARGET_BUILD_DIR}/${UNLOCALIZED_RESOURCES_FOLDER_PATH}/MaterialCommunityIcons.ttf",
				"${TARGET_BUILD_DIR}/${UNLOCALIZED_RESOURCES_FOLDER_PATH}/MaterialIcons.ttf",
				"${TARGET_BUILD_DIR}/${UNLOCALIZED_RESOURCES_FOLDER_PATH}/Octicons.ttf",
				"${TARGET_BUILD_DIR}/${UNLOCALIZED_RESOURCES_FOLDER_PATH}/SimpleLineIcons.ttf",
				"${TARGET_BUILD_DIR}/${UNLOCALIZED_RESOURCES_FOLDER_PATH}/Zocial.ttf",
				"${TARGET_BUILD_DIR}/${UNLOCALIZED_RESOURCES_FOLDER_PATH}/AccessibilityResources.bundle",
				"${TARGET_BUILD_DIR}/${UNLOCALIZED_RESOURCES_FOLDER_PATH}/TOCropViewControllerBundle.bundle",
			);
			runOnlyForDeploymentPostprocessing = 0;
			shellPath = /bin/sh;
			shellScript = "\"${PODS_ROOT}/Target Support Files/Pods-eureka-eurekaTests/Pods-eureka-eurekaTests-resources.sh\"\n";
			showEnvVarsInLog = 0;
		};
		444B3CD327467312009BCB15 /* ShellScript */ = {
			isa = PBXShellScriptBuildPhase;
			buildActionMask = 2147483647;
			files = (
			);
			inputFileListPaths = (
			);
			inputPaths = (
				"${DWARF_DSYM_FOLDER_PATH}/${DWARF_DSYM_FILE_NAME}/Contents/Resources/DWARF/${TARGET_NAME}",
				"$(SRCROOT)/$(BUILT_PRODUCTS_DIR)/$(INFOPLIST_PATH)",
			);
			outputFileListPaths = (
			);
			outputPaths = (
			);
			runOnlyForDeploymentPostprocessing = 0;
			shellPath = /bin/sh;
			shellScript = "\"${PODS_ROOT}/FirebaseCrashlytics/run\"\n";
		};
		4453BC336D69C8BC549D2636 /* [CP-User] [RNFB] Core Configuration */ = {
			isa = PBXShellScriptBuildPhase;
			buildActionMask = 2147483647;
			files = (
			);
			inputPaths = (
				"$(SRCROOT)/$(BUILT_PRODUCTS_DIR)/$(INFOPLIST_PATH)",
			);
			name = "[CP-User] [RNFB] Core Configuration";
			runOnlyForDeploymentPostprocessing = 0;
			shellPath = /bin/sh;
			shellScript = "#!/usr/bin/env bash\n#\n# Copyright (c) 2016-present Invertase Limited & Contributors\n#\n# Licensed under the Apache License, Version 2.0 (the \"License\");\n# you may not use this library except in compliance with the License.\n# You may obtain a copy of the License at\n#\n#   http://www.apache.org/licenses/LICENSE-2.0\n#\n# Unless required by applicable law or agreed to in writing, software\n# distributed under the License is distributed on an \"AS IS\" BASIS,\n# WITHOUT WARRANTIES OR CONDITIONS OF ANY KIND, either express or implied.\n# See the License for the specific language governing permissions and\n# limitations under the License.\n#\nset -e\n\n_MAX_LOOKUPS=2;\n_SEARCH_RESULT=''\n_RN_ROOT_EXISTS=''\n_CURRENT_LOOKUPS=1\n_JSON_ROOT=\"'react-native'\"\n_JSON_FILE_NAME='firebase.json'\n_JSON_OUTPUT_BASE64='e30=' # { }\n_CURRENT_SEARCH_DIR=${PROJECT_DIR}\n_PLIST_BUDDY=/usr/libexec/PlistBuddy\n_TARGET_PLIST=\"${BUILT_PRODUCTS_DIR}/${INFOPLIST_PATH}\"\n_DSYM_PLIST=\"${DWARF_DSYM_FOLDER_PATH}/${DWARF_DSYM_FILE_NAME}/Contents/Info.plist\"\n\n# plist arrays\n_PLIST_ENTRY_KEYS=()\n_PLIST_ENTRY_TYPES=()\n_PLIST_ENTRY_VALUES=()\n\nfunction setPlistValue {\n  echo \"info:      setting plist entry '$1' of type '$2' in file '$4'\"\n  ${_PLIST_BUDDY} -c \"Add :$1 $2 '$3'\" $4 || echo \"info:      '$1' already exists\"\n}\n\nfunction getFirebaseJsonKeyValue () {\n  if [[ ${_RN_ROOT_EXISTS} ]]; then\n    ruby -e \"require 'rubygems';require 'json'; output=JSON.parse('$1'); puts output[$_JSON_ROOT]['$2']\"\n  else\n    echo \"\"\n  fi;\n}\n\nfunction jsonBoolToYesNo () {\n  if [[ $1 == \"false\" ]]; then\n    echo \"NO\"\n  elif [[ $1 == \"true\" ]]; then\n    echo \"YES\"\n  else echo \"NO\"\n  fi\n}\n\necho \"info: -> RNFB build script started\"\necho \"info: 1) Locating ${_JSON_FILE_NAME} file:\"\n\nif [[ -z ${_CURRENT_SEARCH_DIR} ]]; then\n  _CURRENT_SEARCH_DIR=$(pwd)\nfi;\n\nwhile true; do\n  _CURRENT_SEARCH_DIR=$(dirname \"$_CURRENT_SEARCH_DIR\")\n  if [[ \"$_CURRENT_SEARCH_DIR\" == \"/\" ]] || [[ ${_CURRENT_LOOKUPS} -gt ${_MAX_LOOKUPS} ]]; then break; fi;\n  echo \"info:      ($_CURRENT_LOOKUPS of $_MAX_LOOKUPS) Searching in '$_CURRENT_SEARCH_DIR' for a ${_JSON_FILE_NAME} file.\"\n  _SEARCH_RESULT=$(find \"$_CURRENT_SEARCH_DIR\" -maxdepth 2 -name ${_JSON_FILE_NAME} -print | head -n 1)\n  if [[ ${_SEARCH_RESULT} ]]; then\n    echo \"info:      ${_JSON_FILE_NAME} found at $_SEARCH_RESULT\"\n    break;\n  fi;\n  _CURRENT_LOOKUPS=$((_CURRENT_LOOKUPS+1))\ndone\n\nif [[ ${_SEARCH_RESULT} ]]; then\n  _JSON_OUTPUT_RAW=$(cat \"${_SEARCH_RESULT}\")\n  _RN_ROOT_EXISTS=$(ruby -e \"require 'rubygems';require 'json'; output=JSON.parse('$_JSON_OUTPUT_RAW'); puts output[$_JSON_ROOT]\" || echo '')\n\n  if [[ ${_RN_ROOT_EXISTS} ]]; then\n    _JSON_OUTPUT_BASE64=$(python -c 'import json,sys,base64;print(base64.b64encode(json.dumps(json.loads(open('\"'${_SEARCH_RESULT}'\"').read())['${_JSON_ROOT}'])))' || echo \"e30=\")\n  fi\n\n  _PLIST_ENTRY_KEYS+=(\"firebase_json_raw\")\n  _PLIST_ENTRY_TYPES+=(\"string\")\n  _PLIST_ENTRY_VALUES+=(\"$_JSON_OUTPUT_BASE64\")\n\n  # config.analytics_auto_collection_enabled\n  _ANALYTICS_AUTO_COLLECTION=$(getFirebaseJsonKeyValue \"$_JSON_OUTPUT_RAW\" \"analytics_auto_collection_enabled\")\n  if [[ $_ANALYTICS_AUTO_COLLECTION ]]; then\n    _PLIST_ENTRY_KEYS+=(\"FIREBASE_ANALYTICS_COLLECTION_ENABLED\")\n    _PLIST_ENTRY_TYPES+=(\"bool\")\n    _PLIST_ENTRY_VALUES+=(\"$(jsonBoolToYesNo \"$_ANALYTICS_AUTO_COLLECTION\")\")\n  fi\n\n  # config.perf_auto_collection_enabled\n  _PERF_AUTO_COLLECTION=$(getFirebaseJsonKeyValue \"$_JSON_OUTPUT_RAW\" \"perf_auto_collection_enabled\")\n  if [[ $_PERF_AUTO_COLLECTION ]]; then\n    _PLIST_ENTRY_KEYS+=(\"firebase_performance_collection_enabled\")\n    _PLIST_ENTRY_TYPES+=(\"bool\")\n    _PLIST_ENTRY_VALUES+=(\"$(jsonBoolToYesNo \"$_PERF_AUTO_COLLECTION\")\")\n  fi\n\n  # config.messaging_auto_init_enabled\n  _MESSAGING_AUTO_INIT=$(getFirebaseJsonKeyValue \"$_JSON_OUTPUT_RAW\" \"messaging_auto_init_enabled\")\n  if [[ $_MESSAGING_AUTO_INIT ]]; then\n    _PLIST_ENTRY_KEYS+=(\"FirebaseMessagingAutoInitEnabled\")\n    _PLIST_ENTRY_TYPES+=(\"bool\")\n    _PLIST_ENTRY_VALUES+=(\"$(jsonBoolToYesNo \"$_MESSAGING_AUTO_INIT\")\")\n  fi\n\n  # config.crashlytics_disable_auto_disabler - undocumented for now - mainly for debugging, document if becomes useful\n  _CRASHLYTICS_AUTO_DISABLE_ENABLED=$(getFirebaseJsonKeyValue \"$_JSON_OUTPUT_RAW\" \"crashlytics_disable_auto_disabler\")\n  if [[ $_CRASHLYTICS_AUTO_DISABLE_ENABLED == \"true\" ]]; then\n    echo \"Disabled Crashlytics auto disabler.\" # do nothing\n  else\n    _PLIST_ENTRY_KEYS+=(\"FirebaseCrashlyticsCollectionEnabled\")\n    _PLIST_ENTRY_TYPES+=(\"bool\")\n    _PLIST_ENTRY_VALUES+=(\"NO\")\n  fi\n\n  # config.admob_delay_app_measurement_init\n  _ADMOB_DELAY_APP_MEASUREMENT=$(getFirebaseJsonKeyValue \"$_JSON_OUTPUT_RAW\" \"admob_delay_app_measurement_init\")\n  if [[ $_ADMOB_DELAY_APP_MEASUREMENT == \"true\" ]]; then\n    _PLIST_ENTRY_KEYS+=(\"GADDelayAppMeasurementInit\")\n    _PLIST_ENTRY_TYPES+=(\"bool\")\n    _PLIST_ENTRY_VALUES+=(\"YES\")\n  fi\n\n  # config.admob_ios_app_id\n  _ADMOB_IOS_APP_ID=$(getFirebaseJsonKeyValue \"$_JSON_OUTPUT_RAW\" \"admob_ios_app_id\")\n  if [[ $_ADMOB_IOS_APP_ID ]]; then\n    _PLIST_ENTRY_KEYS+=(\"GADApplicationIdentifier\")\n    _PLIST_ENTRY_TYPES+=(\"string\")\n    _PLIST_ENTRY_VALUES+=(\"$_ADMOB_IOS_APP_ID\")\n  fi\nelse\n  _PLIST_ENTRY_KEYS+=(\"firebase_json_raw\")\n  _PLIST_ENTRY_TYPES+=(\"string\")\n  _PLIST_ENTRY_VALUES+=(\"$_JSON_OUTPUT_BASE64\")\n  echo \"warning:   A firebase.json file was not found, whilst this file is optional it is recommended to include it to configure firebase services in React Native Firebase.\"\nfi;\n\necho \"info: 2) Injecting Info.plist entries: \"\n\n# Log out the keys we're adding\nfor i in \"${!_PLIST_ENTRY_KEYS[@]}\"; do\n  echo \"    ->  $i) ${_PLIST_ENTRY_KEYS[$i]}\" \"${_PLIST_ENTRY_TYPES[$i]}\" \"${_PLIST_ENTRY_VALUES[$i]}\"\ndone\n\nfor plist in \"${_TARGET_PLIST}\" \"${_DSYM_PLIST}\" ; do\n  if [[ -f \"${plist}\" ]]; then\n\n    # paths with spaces break the call to setPlistValue. temporarily modify\n    # the shell internal field separator variable (IFS), which normally\n    # includes spaces, to consist only of line breaks\n    oldifs=$IFS\n    IFS=\"\n\"\n\n    for i in \"${!_PLIST_ENTRY_KEYS[@]}\"; do\n      setPlistValue \"${_PLIST_ENTRY_KEYS[$i]}\" \"${_PLIST_ENTRY_TYPES[$i]}\" \"${_PLIST_ENTRY_VALUES[$i]}\" \"${plist}\"\n    done\n\n    # restore the original internal field separator value\n    IFS=$oldifs\n  else\n    echo \"warning:   A Info.plist build output file was not found (${plist})\"\n  fi\ndone\n\necho \"info: <- RNFB build script finished\"\n";
		};
		4F0A6FC082772762E3E4C96C /* [CP] Check Pods Manifest.lock */ = {
			isa = PBXShellScriptBuildPhase;
			buildActionMask = 2147483647;
			files = (
			);
			inputFileListPaths = (
			);
			inputPaths = (
				"${PODS_PODFILE_DIR_PATH}/Podfile.lock",
				"${PODS_ROOT}/Manifest.lock",
			);
			name = "[CP] Check Pods Manifest.lock";
			outputFileListPaths = (
			);
			outputPaths = (
				"$(DERIVED_FILE_DIR)/Pods-eureka-checkManifestLockResult.txt",
			);
			runOnlyForDeploymentPostprocessing = 0;
			shellPath = /bin/sh;
			shellScript = "diff \"${PODS_PODFILE_DIR_PATH}/Podfile.lock\" \"${PODS_ROOT}/Manifest.lock\" > /dev/null\nif [ $? != 0 ] ; then\n    # print error to STDERR\n    echo \"error: The sandbox is not in sync with the Podfile.lock. Run 'pod install' or update your CocoaPods installation.\" >&2\n    exit 1\nfi\n# This output is used by Xcode 'outputs' to avoid re-running this script phase.\necho \"SUCCESS\" > \"${SCRIPT_OUTPUT_FILE_0}\"\n";
			showEnvVarsInLog = 0;
		};
		C1D60D28B925C94BD88E79D7 /* [CP] Copy Pods Resources */ = {
			isa = PBXShellScriptBuildPhase;
			buildActionMask = 2147483647;
			files = (
			);
			inputPaths = (
				"${PODS_ROOT}/Target Support Files/Pods-eureka/Pods-eureka-resources.sh",
				"${PODS_CONFIGURATION_BUILD_DIR}/GoogleUtilities/GoogleUtilities_Privacy.bundle",
				"${PODS_CONFIGURATION_BUILD_DIR}/RNImageCropPicker/QBImagePicker.bundle",
				"${PODS_ROOT}/../../node_modules/react-native-vector-icons/Fonts/AntDesign.ttf",
				"${PODS_ROOT}/../../node_modules/react-native-vector-icons/Fonts/Entypo.ttf",
				"${PODS_ROOT}/../../node_modules/react-native-vector-icons/Fonts/EvilIcons.ttf",
				"${PODS_ROOT}/../../node_modules/react-native-vector-icons/Fonts/Feather.ttf",
				"${PODS_ROOT}/../../node_modules/react-native-vector-icons/Fonts/FontAwesome.ttf",
				"${PODS_ROOT}/../../node_modules/react-native-vector-icons/Fonts/FontAwesome5_Brands.ttf",
				"${PODS_ROOT}/../../node_modules/react-native-vector-icons/Fonts/FontAwesome5_Regular.ttf",
				"${PODS_ROOT}/../../node_modules/react-native-vector-icons/Fonts/FontAwesome5_Solid.ttf",
				"${PODS_ROOT}/../../node_modules/react-native-vector-icons/Fonts/Fontisto.ttf",
				"${PODS_ROOT}/../../node_modules/react-native-vector-icons/Fonts/Foundation.ttf",
				"${PODS_ROOT}/../../node_modules/react-native-vector-icons/Fonts/Ionicons.ttf",
				"${PODS_ROOT}/../../node_modules/react-native-vector-icons/Fonts/MaterialCommunityIcons.ttf",
				"${PODS_ROOT}/../../node_modules/react-native-vector-icons/Fonts/MaterialIcons.ttf",
				"${PODS_ROOT}/../../node_modules/react-native-vector-icons/Fonts/Octicons.ttf",
				"${PODS_ROOT}/../../node_modules/react-native-vector-icons/Fonts/SimpleLineIcons.ttf",
				"${PODS_ROOT}/../../node_modules/react-native-vector-icons/Fonts/Zocial.ttf",
				"${PODS_CONFIGURATION_BUILD_DIR}/React-Core/AccessibilityResources.bundle",
				"${PODS_CONFIGURATION_BUILD_DIR}/TOCropViewController/TOCropViewControllerBundle.bundle",
			);
			name = "[CP] Copy Pods Resources";
			outputPaths = (
				"${TARGET_BUILD_DIR}/${UNLOCALIZED_RESOURCES_FOLDER_PATH}/GoogleUtilities_Privacy.bundle",
				"${TARGET_BUILD_DIR}/${UNLOCALIZED_RESOURCES_FOLDER_PATH}/QBImagePicker.bundle",
				"${TARGET_BUILD_DIR}/${UNLOCALIZED_RESOURCES_FOLDER_PATH}/AntDesign.ttf",
				"${TARGET_BUILD_DIR}/${UNLOCALIZED_RESOURCES_FOLDER_PATH}/Entypo.ttf",
				"${TARGET_BUILD_DIR}/${UNLOCALIZED_RESOURCES_FOLDER_PATH}/EvilIcons.ttf",
				"${TARGET_BUILD_DIR}/${UNLOCALIZED_RESOURCES_FOLDER_PATH}/Feather.ttf",
				"${TARGET_BUILD_DIR}/${UNLOCALIZED_RESOURCES_FOLDER_PATH}/FontAwesome.ttf",
				"${TARGET_BUILD_DIR}/${UNLOCALIZED_RESOURCES_FOLDER_PATH}/FontAwesome5_Brands.ttf",
				"${TARGET_BUILD_DIR}/${UNLOCALIZED_RESOURCES_FOLDER_PATH}/FontAwesome5_Regular.ttf",
				"${TARGET_BUILD_DIR}/${UNLOCALIZED_RESOURCES_FOLDER_PATH}/FontAwesome5_Solid.ttf",
				"${TARGET_BUILD_DIR}/${UNLOCALIZED_RESOURCES_FOLDER_PATH}/Fontisto.ttf",
				"${TARGET_BUILD_DIR}/${UNLOCALIZED_RESOURCES_FOLDER_PATH}/Foundation.ttf",
				"${TARGET_BUILD_DIR}/${UNLOCALIZED_RESOURCES_FOLDER_PATH}/Ionicons.ttf",
				"${TARGET_BUILD_DIR}/${UNLOCALIZED_RESOURCES_FOLDER_PATH}/MaterialCommunityIcons.ttf",
				"${TARGET_BUILD_DIR}/${UNLOCALIZED_RESOURCES_FOLDER_PATH}/MaterialIcons.ttf",
				"${TARGET_BUILD_DIR}/${UNLOCALIZED_RESOURCES_FOLDER_PATH}/Octicons.ttf",
				"${TARGET_BUILD_DIR}/${UNLOCALIZED_RESOURCES_FOLDER_PATH}/SimpleLineIcons.ttf",
				"${TARGET_BUILD_DIR}/${UNLOCALIZED_RESOURCES_FOLDER_PATH}/Zocial.ttf",
				"${TARGET_BUILD_DIR}/${UNLOCALIZED_RESOURCES_FOLDER_PATH}/AccessibilityResources.bundle",
				"${TARGET_BUILD_DIR}/${UNLOCALIZED_RESOURCES_FOLDER_PATH}/TOCropViewControllerBundle.bundle",
			);
			runOnlyForDeploymentPostprocessing = 0;
			shellPath = /bin/sh;
			shellScript = "\"${PODS_ROOT}/Target Support Files/Pods-eureka/Pods-eureka-resources.sh\"\n";
			showEnvVarsInLog = 0;
		};
		FD10A7F022414F080027D42C /* Start Packager */ = {
			isa = PBXShellScriptBuildPhase;
			buildActionMask = 2147483647;
			files = (
			);
			inputFileListPaths = (
			);
			inputPaths = (
			);
			name = "Start Packager";
			outputFileListPaths = (
			);
			outputPaths = (
			);
			runOnlyForDeploymentPostprocessing = 0;
			shellPath = /bin/sh;
			shellScript = "export RCT_METRO_PORT=\"${RCT_METRO_PORT:=8081}\"\necho \"export RCT_METRO_PORT=${RCT_METRO_PORT}\" > \"${SRCROOT}/../node_modules/react-native/scripts/.packager.env\"\nif [ -z \"${RCT_NO_LAUNCH_PACKAGER+xxx}\" ] ; then\n  if nc -w 5 -z localhost ${RCT_METRO_PORT} ; then\n    if ! curl -s \"http://localhost:${RCT_METRO_PORT}/status\" | grep -q \"packager-status:running\" ; then\n      echo \"Port ${RCT_METRO_PORT} already in use, packager is either not running or not running correctly\"\n      exit 2\n    fi\n  else\n    open \"$SRCROOT/../node_modules/react-native/scripts/launchPackager.command\" || echo \"Can't start packager automatically\"\n  fi\nfi\n";
			showEnvVarsInLog = 0;
		};
/* End PBXShellScriptBuildPhase section */

/* Begin PBXSourcesBuildPhase section */
		00E356EA1AD99517003FC87E /* Sources */ = {
			isa = PBXSourcesBuildPhase;
			buildActionMask = 2147483647;
			files = (
				00E356F31AD99517003FC87E /* eurekaTests.m in Sources */,
			);
			runOnlyForDeploymentPostprocessing = 0;
		};
		13B07F871A680F5B00A75B9A /* Sources */ = {
			isa = PBXSourcesBuildPhase;
			buildActionMask = 2147483647;
			files = (
				4BB6147725CE8CE900E0B97A /* LifePlusReactModule.m in Sources */,
				C7D4409725DA781500B96028 /* RequestStatus.swift in Sources */,
				C74B77D92525F804006ADCC2 /* DbQry.swift in Sources */,
				4B5471DA267867CD0003CC76 /* TelephonyMgrEnum.swift in Sources */,
				C74B77E32525F804006ADCC2 /* CharatericsDef.swift in Sources */,
				C74B77E22525F804006ADCC2 /* Methods.swift in Sources */,
				4B1ACAB925D23DC400D12750 /* PeripheralModel.swift in Sources */,
				44EDFE232770CD3E00DE4C2D /* AppBackground.swift in Sources */,
				4B972E9F2667A0040037A955 /* WeatherManager.swift in Sources */,
				C74B77DA2525F804006ADCC2 /* AService.swift in Sources */,
				795503802B67A557001550D0 /* NotificationUtil.swift in Sources */,
				13B07FBC1A68108700A75B9A /* AppDelegate.m in Sources */,
				44EDFE212770B57B00DE4C2D /* AppMetrics.swift in Sources */,
				4BF6D79C25CD4E3300DC9A5E /* LifePlusReactModule.swift in Sources */,
				C74B77DF2525F804006ADCC2 /* DatabaseTunnel.swift in Sources */,
				C74B77DC2525F804006ADCC2 /* Services.swift in Sources */,
				13B07FC11A68108700A75B9A /* main.m in Sources */,
				C74B77DD2525F804006ADCC2 /* ACharacteristic.swift in Sources */,
				4B9D6A4925CD99EA00EC3AE8 /* NoParamEventEnum.swift in Sources */,
				C74B77DE2525F804006ADCC2 /* ServicesDef.swift in Sources */,
				C74B78162525FDCA006ADCC2 /* SimulatorUtil.swift in Sources */,
				C74B77DB2525F804006ADCC2 /* Paramenters.swift in Sources */,
				C74B77E02525F804006ADCC2 /* DataType.swift in Sources */,
				4B972EEE2667A9180037A955 /* CalendarService.swift in Sources */,
			);
			runOnlyForDeploymentPostprocessing = 0;
		};
/* End PBXSourcesBuildPhase section */

/* Begin PBXTargetDependency section */
		00E356F51AD99517003FC87E /* PBXTargetDependency */ = {
			isa = PBXTargetDependency;
			target = 13B07F861A680F5B00A75B9A /* eureka */;
			targetProxy = 00E356F41AD99517003FC87E /* PBXContainerItemProxy */;
		};
/* End PBXTargetDependency section */

/* Begin XCBuildConfiguration section */
		00E356F61AD99517003FC87E /* Debug */ = {
			isa = XCBuildConfiguration;
			baseConfigurationReference = 20AB94514737C20DFC4350AE /* Pods-eureka-eurekaTests.debug.xcconfig */;
			buildSettings = {
				ALWAYS_EMBED_SWIFT_STANDARD_LIBRARIES = YES;
				BUNDLE_LOADER = "$(TEST_HOST)";
				DEVELOPMENT_TEAM = FQU5KN8Q6Z;
				GCC_PREPROCESSOR_DEFINITIONS = (
					"DEBUG=1",
					"$(inherited)",
				);
				INFOPLIST_FILE = eurekaTests/Info.plist;
				IPHONEOS_DEPLOYMENT_TARGET = 12.0;
				LD_RUNPATH_SEARCH_PATHS = "$(inherited) @executable_path/Frameworks @loader_path/Frameworks";
				OTHER_LDFLAGS = (
					"-ObjC",
					"-lc++",
					"$(inherited)",
				);
				PRODUCT_BUNDLE_IDENTIFIER = "org.reactjs.native.example.$(PRODUCT_NAME:rfc1034identifier)";
				PRODUCT_NAME = "$(TARGET_NAME)";
				TEST_HOST = "$(BUILT_PRODUCTS_DIR)/eureka.app/eureka";
			};
			name = Debug;
		};
		00E356F71AD99517003FC87E /* Release */ = {
			isa = XCBuildConfiguration;
			baseConfigurationReference = EC1294380F6AD2F72CA45BA5 /* Pods-eureka-eurekaTests.release.xcconfig */;
			buildSettings = {
				ALWAYS_EMBED_SWIFT_STANDARD_LIBRARIES = YES;
				BUNDLE_LOADER = "$(TEST_HOST)";
				COPY_PHASE_STRIP = NO;
				DEVELOPMENT_TEAM = FQU5KN8Q6Z;
				INFOPLIST_FILE = eurekaTests/Info.plist;
				IPHONEOS_DEPLOYMENT_TARGET = 12.0;
				LD_RUNPATH_SEARCH_PATHS = "$(inherited) @executable_path/Frameworks @loader_path/Frameworks";
				OTHER_LDFLAGS = (
					"-ObjC",
					"-lc++",
					"$(inherited)",
				);
				PRODUCT_BUNDLE_IDENTIFIER = "org.reactjs.native.example.$(PRODUCT_NAME:rfc1034identifier)";
				PRODUCT_NAME = "$(TARGET_NAME)";
				TEST_HOST = "$(BUILT_PRODUCTS_DIR)/eureka.app/eureka";
			};
			name = Release;
		};
		13B07F941A680F5B00A75B9A /* Debug */ = {
			isa = XCBuildConfiguration;
			baseConfigurationReference = 47F7ED3B7971BE374F7B8635 /* Pods-eureka.debug.xcconfig */;
			buildSettings = {
				ARCHS = "$(ARCHS_STANDARD)";
				ASSETCATALOG_COMPILER_APPICON_NAME = AppIcon;
				CLANG_ENABLE_MODULES = YES;
				CODE_SIGN_ENTITLEMENTS = eureka/Eureka.entitlements;
				CODE_SIGN_IDENTITY = "Apple Development";
				CODE_SIGN_STYLE = Automatic;
				CURRENT_PROJECT_VERSION = 1;
				DEVELOPMENT_TEAM = 973YKFH8G2;
				ENABLE_BITCODE = NO;
				GCC_NO_COMMON_BLOCKS = YES;
				HEADER_SEARCH_PATHS = (
					"$(inherited)",
					"\"${PODS_ROOT}/Headers/Public\"",
					"\"${PODS_ROOT}/Headers/Public/BVLinearGradient\"",
					"\"${PODS_ROOT}/Headers/Public/CocoaAsyncSocket\"",
					"\"${PODS_ROOT}/Headers/Public/CocoaLibEvent\"",
					"\"${PODS_ROOT}/Headers/Public/DoubleConversion\"",
					"\"${PODS_ROOT}/Headers/Public/FBLazyVector\"",
					"\"${PODS_ROOT}/Headers/Public/FBReactNativeSpec\"",
					"\"${PODS_ROOT}/Headers/Public/Flipper\"",
					"\"${PODS_ROOT}/Headers/Public/Flipper-DoubleConversion\"",
					"\"${PODS_ROOT}/Headers/Public/Flipper-Folly\"",
					"\"${PODS_ROOT}/Headers/Public/Flipper-Glog\"",
					"\"${PODS_ROOT}/Headers/Public/Flipper-PeerTalk\"",
					"\"${PODS_ROOT}/Headers/Public/Flipper-RSocket\"",
					"\"${PODS_ROOT}/Headers/Public/FlipperKit\"",
					"\"${PODS_ROOT}/Headers/Public/GRDB.swift\"",
					"\"${PODS_ROOT}/Headers/Public/OpenSSL-Universal\"",
					"\"${PODS_ROOT}/Headers/Public/RCTRequired\"",
					"\"${PODS_ROOT}/Headers/Public/RCTTypeSafety\"",
					"\"${PODS_ROOT}/Headers/Public/RNCAsyncStorage\"",
					"\"${PODS_ROOT}/Headers/Public/RNCMaskedView\"",
					"\"${PODS_ROOT}/Headers/Public/RNCPicker\"",
					"\"${PODS_ROOT}/Headers/Public/RNDateTimePicker\"",
					"\"${PODS_ROOT}/Headers/Public/RNDeviceInfo\"",
					"\"${PODS_ROOT}/Headers/Public/RNGestureHandler\"",
					"\"${PODS_ROOT}/Headers/Public/RNImageCropPicker\"",
					"\"${PODS_ROOT}/Headers/Public/RNReanimated\"",
					"\"${PODS_ROOT}/Headers/Public/RNSVG\"",
					"\"${PODS_ROOT}/Headers/Public/RNScreens\"",
					"\"${PODS_ROOT}/Headers/Public/RNVectorIcons\"",
					"\"${PODS_ROOT}/Headers/Public/React-Core\"",
					"\"${PODS_ROOT}/Headers/Public/React-RCTText\"",
					"\"${PODS_ROOT}/Headers/Public/React-cxxreact\"",
					"\"${PODS_ROOT}/Headers/Public/React-jsi\"",
					"\"${PODS_ROOT}/Headers/Public/React-jsiexecutor\"",
					"\"${PODS_ROOT}/Headers/Public/React-jsinspector\"",
					"\"${PODS_ROOT}/Headers/Public/ReactCommon\"",
					"\"${PODS_ROOT}/Headers/Public/TOCropViewController\"",
					"\"${PODS_ROOT}/Headers/Public/Yoga\"",
					"\"${PODS_ROOT}/Headers/Public/YogaKit\"",
					"\"${PODS_ROOT}/Headers/Public/device-info-manager\"",
					"\"${PODS_ROOT}/Headers/Public/glog\"",
					"\"${PODS_ROOT}/Headers/Public/react-native-geolocation\"",
					"\"${PODS_ROOT}/Headers/Public/react-native-image-picker\"",
					"\"${PODS_ROOT}/Headers/Public/react-native-safe-area-context\"",
					"\"$(PODS_ROOT)/Headers/Private/React-Core\"",
					"\"$(SCROOT)/../../React\"/**",
					"\"$(SCROOT)/../reeact-native/React\"/**",
				);
				INFOPLIST_FILE = eureka/Info.plist;
				IPHONEOS_DEPLOYMENT_TARGET = 13.6;
				LD_RUNPATH_SEARCH_PATHS = "$(inherited) @executable_path/Frameworks";
				MARKETING_VERSION = 1.4;
				OTHER_LDFLAGS = (
					"$(OTHER_LDFLAGS)",
					"$(inherited)",
				);
				PRODUCT_BUNDLE_IDENTIFIER = com.lifeleaf1.app;
				PRODUCT_NAME = GlucoNow;
				PROVISIONING_PROFILE_SPECIFIER = "";
				SUPPORTED_PLATFORMS = "iphoneos iphonesimulator";
				SUPPORTS_MACCATALYST = NO;
				SUPPORTS_MAC_DESIGNED_FOR_IPHONE_IPAD = NO;
				SWIFT_OBJC_BRIDGING_HEADER = "eureka-Bridging-Header.h";
				SWIFT_OPTIMIZATION_LEVEL = "-Onone";
				SWIFT_REFLECTION_METADATA_LEVEL = all;
				SWIFT_VERSION = 5.0;
				TARGETED_DEVICE_FAMILY = 1;
				VALIDATE_PRODUCT = YES;
				VERSIONING_SYSTEM = "apple-generic";
			};
			name = Debug;
		};
		13B07F951A680F5B00A75B9A /* Release */ = {
			isa = XCBuildConfiguration;
			baseConfigurationReference = E00ACF0FDA8BF921659E2F9A /* Pods-eureka.release.xcconfig */;
			buildSettings = {
				ARCHS = "$(ARCHS_STANDARD)";
				ASSETCATALOG_COMPILER_APPICON_NAME = AppIcon;
				CLANG_ENABLE_MODULES = YES;
				CODE_SIGN_ENTITLEMENTS = eureka/Eureka.entitlements;
				CODE_SIGN_IDENTITY = "Apple Development";
				CODE_SIGN_STYLE = Automatic;
				CURRENT_PROJECT_VERSION = 1;
				DEVELOPMENT_TEAM = 973YKFH8G2;
				GCC_NO_COMMON_BLOCKS = YES;
				HEADER_SEARCH_PATHS = (
					"$(inherited)",
					"\"${PODS_ROOT}/Headers/Public\"",
					"\"${PODS_ROOT}/Headers/Public/BVLinearGradient\"",
					"\"${PODS_ROOT}/Headers/Public/CocoaAsyncSocket\"",
					"\"${PODS_ROOT}/Headers/Public/CocoaLibEvent\"",
					"\"${PODS_ROOT}/Headers/Public/DoubleConversion\"",
					"\"${PODS_ROOT}/Headers/Public/FBLazyVector\"",
					"\"${PODS_ROOT}/Headers/Public/FBReactNativeSpec\"",
					"\"${PODS_ROOT}/Headers/Public/Flipper\"",
					"\"${PODS_ROOT}/Headers/Public/Flipper-DoubleConversion\"",
					"\"${PODS_ROOT}/Headers/Public/Flipper-Folly\"",
					"\"${PODS_ROOT}/Headers/Public/Flipper-Glog\"",
					"\"${PODS_ROOT}/Headers/Public/Flipper-PeerTalk\"",
					"\"${PODS_ROOT}/Headers/Public/Flipper-RSocket\"",
					"\"${PODS_ROOT}/Headers/Public/FlipperKit\"",
					"\"${PODS_ROOT}/Headers/Public/GRDB.swift\"",
					"\"${PODS_ROOT}/Headers/Public/OpenSSL-Universal\"",
					"\"${PODS_ROOT}/Headers/Public/RCTRequired\"",
					"\"${PODS_ROOT}/Headers/Public/RCTTypeSafety\"",
					"\"${PODS_ROOT}/Headers/Public/RNCAsyncStorage\"",
					"\"${PODS_ROOT}/Headers/Public/RNCMaskedView\"",
					"\"${PODS_ROOT}/Headers/Public/RNCPicker\"",
					"\"${PODS_ROOT}/Headers/Public/RNDateTimePicker\"",
					"\"${PODS_ROOT}/Headers/Public/RNDeviceInfo\"",
					"\"${PODS_ROOT}/Headers/Public/RNGestureHandler\"",
					"\"${PODS_ROOT}/Headers/Public/RNImageCropPicker\"",
					"\"${PODS_ROOT}/Headers/Public/RNReanimated\"",
					"\"${PODS_ROOT}/Headers/Public/RNSVG\"",
					"\"${PODS_ROOT}/Headers/Public/RNScreens\"",
					"\"${PODS_ROOT}/Headers/Public/RNVectorIcons\"",
					"\"${PODS_ROOT}/Headers/Public/React-Core\"",
					"\"${PODS_ROOT}/Headers/Public/React-RCTText\"",
					"\"${PODS_ROOT}/Headers/Public/React-cxxreact\"",
					"\"${PODS_ROOT}/Headers/Public/React-jsi\"",
					"\"${PODS_ROOT}/Headers/Public/React-jsiexecutor\"",
					"\"${PODS_ROOT}/Headers/Public/React-jsinspector\"",
					"\"${PODS_ROOT}/Headers/Public/ReactCommon\"",
					"\"${PODS_ROOT}/Headers/Public/TOCropViewController\"",
					"\"${PODS_ROOT}/Headers/Public/Yoga\"",
					"\"${PODS_ROOT}/Headers/Public/YogaKit\"",
					"\"${PODS_ROOT}/Headers/Public/device-info-manager\"",
					"\"${PODS_ROOT}/Headers/Public/glog\"",
					"\"${PODS_ROOT}/Headers/Public/react-native-geolocation\"",
					"\"${PODS_ROOT}/Headers/Public/react-native-image-picker\"",
					"\"${PODS_ROOT}/Headers/Public/react-native-safe-area-context\"",
					"\"$(PODS_ROOT)/Headers/Private/React-Core\"",
					"\"$(SCROOT)/../../React\"/**",
					"\"$(SCROOT)/../reeact-native/React\"/**",
				);
				INFOPLIST_FILE = eureka/Info.plist;
				IPHONEOS_DEPLOYMENT_TARGET = 13.6;
				LD_RUNPATH_SEARCH_PATHS = "$(inherited) @executable_path/Frameworks";
				MARKETING_VERSION = 1.4;
				OTHER_LDFLAGS = (
					"$(OTHER_LDFLAGS)",
					"$(inherited)",
				);
				PRODUCT_BUNDLE_IDENTIFIER = com.lifeleaf1.app;
				PRODUCT_NAME = GlucoNow;
				PROVISIONING_PROFILE_SPECIFIER = "";
				SUPPORTED_PLATFORMS = "iphoneos iphonesimulator";
				SUPPORTS_MACCATALYST = NO;
				SUPPORTS_MAC_DESIGNED_FOR_IPHONE_IPAD = NO;
				SWIFT_OBJC_BRIDGING_HEADER = "eureka-Bridging-Header.h";
				SWIFT_REFLECTION_METADATA_LEVEL = all;
				SWIFT_VERSION = 5.0;
				TARGETED_DEVICE_FAMILY = 1;
				VALIDATE_PRODUCT = YES;
				VERSIONING_SYSTEM = "apple-generic";
			};
			name = Release;
		};
		83CBBA201A601CBA00E9B192 /* Debug */ = {
			isa = XCBuildConfiguration;
			buildSettings = {
				ALWAYS_SEARCH_USER_PATHS = NO;
				CLANG_ANALYZER_LOCALIZABILITY_NONLOCALIZED = YES;
				CLANG_CXX_LANGUAGE_STANDARD = "gnu++0x";
				CLANG_CXX_LIBRARY = "libc++";
				CLANG_ENABLE_MODULES = YES;
				CLANG_ENABLE_OBJC_ARC = YES;
				CLANG_WARN_BLOCK_CAPTURE_AUTORELEASING = YES;
				CLANG_WARN_BOOL_CONVERSION = YES;
				CLANG_WARN_COMMA = YES;
				CLANG_WARN_CONSTANT_CONVERSION = YES;
				CLANG_WARN_DEPRECATED_OBJC_IMPLEMENTATIONS = YES;
				CLANG_WARN_DIRECT_OBJC_ISA_USAGE = YES_ERROR;
				CLANG_WARN_EMPTY_BODY = YES;
				CLANG_WARN_ENUM_CONVERSION = YES;
				CLANG_WARN_INFINITE_RECURSION = YES;
				CLANG_WARN_INT_CONVERSION = YES;
				CLANG_WARN_NON_LITERAL_NULL_CONVERSION = YES;
				CLANG_WARN_OBJC_IMPLICIT_RETAIN_SELF = YES;
				CLANG_WARN_OBJC_LITERAL_CONVERSION = YES;
				CLANG_WARN_OBJC_ROOT_CLASS = YES_ERROR;
				CLANG_WARN_QUOTED_INCLUDE_IN_FRAMEWORK_HEADER = YES;
				CLANG_WARN_RANGE_LOOP_ANALYSIS = YES;
				CLANG_WARN_STRICT_PROTOTYPES = YES;
				CLANG_WARN_SUSPICIOUS_MOVE = YES;
				CLANG_WARN_UNREACHABLE_CODE = YES;
				CLANG_WARN__DUPLICATE_METHOD_MATCH = YES;
				"CODE_SIGN_IDENTITY[sdk=iphoneos*]" = "Apple Development";
				COPY_PHASE_STRIP = NO;
				ENABLE_STRICT_OBJC_MSGSEND = YES;
				ENABLE_TESTABILITY = YES;
				GCC_C_LANGUAGE_STANDARD = gnu99;
				GCC_DYNAMIC_NO_PIC = NO;
				GCC_NO_COMMON_BLOCKS = YES;
				GCC_OPTIMIZATION_LEVEL = 0;
				GCC_PREPROCESSOR_DEFINITIONS = (
					"DEBUG=1",
					"$(inherited)",
				);
				GCC_SYMBOLS_PRIVATE_EXTERN = NO;
				GCC_WARN_64_TO_32_BIT_CONVERSION = YES;
				GCC_WARN_ABOUT_RETURN_TYPE = YES_ERROR;
				GCC_WARN_UNDECLARED_SELECTOR = YES;
				GCC_WARN_UNINITIALIZED_AUTOS = YES_AGGRESSIVE;
				GCC_WARN_UNUSED_FUNCTION = YES;
				GCC_WARN_UNUSED_VARIABLE = YES;
				IPHONEOS_DEPLOYMENT_TARGET = 13.6;
				LD_RUNPATH_SEARCH_PATHS = "/usr/lib/swift $(inherited)";
				LIBRARY_SEARCH_PATHS = (
					"\"$(SDKROOT)/usr/lib/swift\"",
					"\"$(TOOLCHAIN_DIR)/usr/lib/swift/$(PLATFORM_NAME)\"",
					"\"$(inherited)\"",
				);
				MTL_ENABLE_DEBUG_INFO = YES;
				ONLY_ACTIVE_ARCH = YES;
				SDKROOT = iphoneos;
			};
			name = Debug;
		};
		83CBBA211A601CBA00E9B192 /* Release */ = {
			isa = XCBuildConfiguration;
			buildSettings = {
				ALWAYS_SEARCH_USER_PATHS = NO;
				CLANG_ANALYZER_LOCALIZABILITY_NONLOCALIZED = YES;
				CLANG_CXX_LANGUAGE_STANDARD = "gnu++0x";
				CLANG_CXX_LIBRARY = "libc++";
				CLANG_ENABLE_MODULES = YES;
				CLANG_ENABLE_OBJC_ARC = YES;
				CLANG_WARN_BLOCK_CAPTURE_AUTORELEASING = YES;
				CLANG_WARN_BOOL_CONVERSION = YES;
				CLANG_WARN_COMMA = YES;
				CLANG_WARN_CONSTANT_CONVERSION = YES;
				CLANG_WARN_DEPRECATED_OBJC_IMPLEMENTATIONS = YES;
				CLANG_WARN_DIRECT_OBJC_ISA_USAGE = YES_ERROR;
				CLANG_WARN_EMPTY_BODY = YES;
				CLANG_WARN_ENUM_CONVERSION = YES;
				CLANG_WARN_INFINITE_RECURSION = YES;
				CLANG_WARN_INT_CONVERSION = YES;
				CLANG_WARN_NON_LITERAL_NULL_CONVERSION = YES;
				CLANG_WARN_OBJC_IMPLICIT_RETAIN_SELF = YES;
				CLANG_WARN_OBJC_LITERAL_CONVERSION = YES;
				CLANG_WARN_OBJC_ROOT_CLASS = YES_ERROR;
				CLANG_WARN_QUOTED_INCLUDE_IN_FRAMEWORK_HEADER = YES;
				CLANG_WARN_RANGE_LOOP_ANALYSIS = YES;
				CLANG_WARN_STRICT_PROTOTYPES = YES;
				CLANG_WARN_SUSPICIOUS_MOVE = YES;
				CLANG_WARN_UNREACHABLE_CODE = YES;
				CLANG_WARN__DUPLICATE_METHOD_MATCH = YES;
				"CODE_SIGN_IDENTITY[sdk=iphoneos*]" = "iPhone Developer";
				COPY_PHASE_STRIP = YES;
				ENABLE_NS_ASSERTIONS = NO;
				ENABLE_STRICT_OBJC_MSGSEND = YES;
				GCC_C_LANGUAGE_STANDARD = gnu99;
				GCC_NO_COMMON_BLOCKS = YES;
				GCC_WARN_64_TO_32_BIT_CONVERSION = YES;
				GCC_WARN_ABOUT_RETURN_TYPE = YES_ERROR;
				GCC_WARN_UNDECLARED_SELECTOR = YES;
				GCC_WARN_UNINITIALIZED_AUTOS = YES_AGGRESSIVE;
				GCC_WARN_UNUSED_FUNCTION = YES;
				GCC_WARN_UNUSED_VARIABLE = YES;
				IPHONEOS_DEPLOYMENT_TARGET = 13.6;
				LD_RUNPATH_SEARCH_PATHS = "/usr/lib/swift $(inherited)";
				LIBRARY_SEARCH_PATHS = (
					"\"$(SDKROOT)/usr/lib/swift\"",
					"\"$(TOOLCHAIN_DIR)/usr/lib/swift/$(PLATFORM_NAME)\"",
					"\"$(inherited)\"",
				);
				MTL_ENABLE_DEBUG_INFO = NO;
				SDKROOT = iphoneos;
				SWIFT_COMPILATION_MODE = wholemodule;
				VALIDATE_PRODUCT = YES;
			};
			name = Release;
		};
/* End XCBuildConfiguration section */

/* Begin XCConfigurationList section */
		00E357021AD99517003FC87E /* Build configuration list for PBXNativeTarget "eurekaTests" */ = {
			isa = XCConfigurationList;
			buildConfigurations = (
				00E356F61AD99517003FC87E /* Debug */,
				00E356F71AD99517003FC87E /* Release */,
			);
			defaultConfigurationIsVisible = 0;
			defaultConfigurationName = Release;
		};
		13B07F931A680F5B00A75B9A /* Build configuration list for PBXNativeTarget "eureka" */ = {
			isa = XCConfigurationList;
			buildConfigurations = (
				13B07F941A680F5B00A75B9A /* Debug */,
				13B07F951A680F5B00A75B9A /* Release */,
			);
			defaultConfigurationIsVisible = 0;
			defaultConfigurationName = Release;
		};
		83CBB9FA1A601CBA00E9B192 /* Build configuration list for PBXProject "eureka" */ = {
			isa = XCConfigurationList;
			buildConfigurations = (
				83CBBA201A601CBA00E9B192 /* Debug */,
				83CBBA211A601CBA00E9B192 /* Release */,
			);
			defaultConfigurationIsVisible = 0;
			defaultConfigurationName = Release;
		};
/* End XCConfigurationList section */
	};
	rootObject = 83CBB9F71A601CBA00E9B192 /* Project object */;
}
